// !$*UTF8*$!
{
	archiveVersion = 1;
	classes = {
	};
	objectVersion = 50;
	objects = {

/* Begin PBXBuildFile section */
		4400914B21A52B0F008B862C /* MyTheme.swift in Sources */ = {isa = PBXBuildFile; fileRef = 4400914A21A52B0F008B862C /* MyTheme.swift */; };
		4400915321A55763008B862C /* NoLoginHeaderView.swift in Sources */ = {isa = PBXBuildFile; fileRef = 4400915221A55763008B862C /* NoLoginHeaderView.swift */; };
		4400915521A55782008B862C /* NoLoginHeaderView.xib in Resources */ = {isa = PBXBuildFile; fileRef = 4400915421A55782008B862C /* NoLoginHeaderView.xib */; };
		44012DEB21D1FB3B0017E03E /* SettingViewController.swift in Sources */ = {isa = PBXBuildFile; fileRef = 44012DEA21D1FB3B0017E03E /* SettingViewController.swift */; };
		44012DED21D219000017E03E /* settingPlist.plist in Resources */ = {isa = PBXBuildFile; fileRef = 44012DEC21D219000017E03E /* settingPlist.plist */; };
		44012DEF21D21CEF0017E03E /* SettingModel.swift in Sources */ = {isa = PBXBuildFile; fileRef = 44012DEE21D21CEF0017E03E /* SettingModel.swift */; };
		44012DF221D223170017E03E /* SettingCell.swift in Sources */ = {isa = PBXBuildFile; fileRef = 44012DF021D223170017E03E /* SettingCell.swift */; };
		44012DF321D223170017E03E /* SettingCell.xib in Resources */ = {isa = PBXBuildFile; fileRef = 44012DF121D223170017E03E /* SettingCell.xib */; };
		4404FDCA222B933B0057ABA8 /* RefreshView.swift in Sources */ = {isa = PBXBuildFile; fileRef = 4404FDC9222B933B0057ABA8 /* RefreshView.swift */; };
		4404FDCD222FBD2F0057ABA8 /* UserDetailWendaCell.swift in Sources */ = {isa = PBXBuildFile; fileRef = 4404FDCB222FBD2F0057ABA8 /* UserDetailWendaCell.swift */; };
		4404FDCE222FBD2F0057ABA8 /* UserDetailWendaCell.xib in Resources */ = {isa = PBXBuildFile; fileRef = 4404FDCC222FBD2F0057ABA8 /* UserDetailWendaCell.xib */; };
		4404FDD12234D3560057ABA8 /* DongtaiDetailViewController.swift in Sources */ = {isa = PBXBuildFile; fileRef = 4404FDCF2234D3560057ABA8 /* DongtaiDetailViewController.swift */; };
		4404FDD22234D3560057ABA8 /* DongtaiDetailViewController.xib in Resources */ = {isa = PBXBuildFile; fileRef = 4404FDD02234D3560057ABA8 /* DongtaiDetailViewController.xib */; };
		4404FDD4223502340057ABA8 /* DongtaiDetailNavigationBar.swift in Sources */ = {isa = PBXBuildFile; fileRef = 4404FDD3223502340057ABA8 /* DongtaiDetailNavigationBar.swift */; };
		4404FDD6223502490057ABA8 /* DongtaiDetailNavigationBar.xib in Resources */ = {isa = PBXBuildFile; fileRef = 4404FDD5223502490057ABA8 /* DongtaiDetailNavigationBar.xib */; };
		4404FDD8223538700057ABA8 /* DongtaiDetailHeaderView.swift in Sources */ = {isa = PBXBuildFile; fileRef = 4404FDD7223538700057ABA8 /* DongtaiDetailHeaderView.swift */; };
		4404FDDA2235387D0057ABA8 /* DongtaiDetailHeaderView.xib in Resources */ = {isa = PBXBuildFile; fileRef = 4404FDD92235387D0057ABA8 /* DongtaiDetailHeaderView.xib */; };
		440A5FB52216D5630096B4E2 /* Calculate.swift in Sources */ = {isa = PBXBuildFile; fileRef = 440A5FB42216D5630096B4E2 /* Calculate.swift */; };
		440A5FB722194BC40096B4E2 /* PostVideoOrArticleView.swift in Sources */ = {isa = PBXBuildFile; fileRef = 440A5FB622194BC40096B4E2 /* PostVideoOrArticleView.swift */; };
		440A5FB922194BDA0096B4E2 /* PostVideoOrArticleView.xib in Resources */ = {isa = PBXBuildFile; fileRef = 440A5FB822194BDA0096B4E2 /* PostVideoOrArticleView.xib */; };
		440A5FBC221958720096B4E2 /* DongtaiCollectionViewCell.swift in Sources */ = {isa = PBXBuildFile; fileRef = 440A5FBA221958720096B4E2 /* DongtaiCollectionViewCell.swift */; };
		440A5FBD221958720096B4E2 /* DongtaiCollectionViewCell.xib in Resources */ = {isa = PBXBuildFile; fileRef = 440A5FBB221958720096B4E2 /* DongtaiCollectionViewCell.xib */; };
		440F150C221F9CFC0033FF0C /* DongtaiOriginThreadView.swift in Sources */ = {isa = PBXBuildFile; fileRef = 440F150B221F9CFC0033FF0C /* DongtaiOriginThreadView.swift */; };
		440F150E221F9D740033FF0C /* DongtaiOriginThreadView.xib in Resources */ = {isa = PBXBuildFile; fileRef = 440F150D221F9D740033FF0C /* DongtaiOriginThreadView.xib */; };
		440F1510221FBC770033FF0C /* DongtaiCollectionView.swift in Sources */ = {isa = PBXBuildFile; fileRef = 440F150F221FBC770033FF0C /* DongtaiCollectionView.swift */; };
		440F1512221FCE8F0033FF0C /* DongtaiCollectionView.xib in Resources */ = {isa = PBXBuildFile; fileRef = 440F1511221FCE8F0033FF0C /* DongtaiCollectionView.xib */; };
		440F1514221FDF240033FF0C /* UIKit+Extension.swift in Sources */ = {isa = PBXBuildFile; fileRef = 440F1513221FDF240033FF0C /* UIKit+Extension.swift */; };
		442D68982209DA5600BE1558 /* PopoverAnimator.swift in Sources */ = {isa = PBXBuildFile; fileRef = 442D68972209DA5600BE1558 /* PopoverAnimator.swift */; };
		442D689A2209DCCB00BE1558 /* MyPresentationController.swift in Sources */ = {isa = PBXBuildFile; fileRef = 442D68992209DCCB00BE1558 /* MyPresentationController.swift */; };
		444F9B7721B55FF5009ACAF7 /* MoreLoginViewController.swift in Sources */ = {isa = PBXBuildFile; fileRef = 444F9B7621B55FF5009ACAF7 /* MoreLoginViewController.swift */; };
		444F9B7921B5603E009ACAF7 /* MoreLoginViewController.storyboard in Resources */ = {isa = PBXBuildFile; fileRef = 444F9B7821B5603E009ACAF7 /* MoreLoginViewController.storyboard */; };
		44526A0C2226D4E0009A98CB /* PreviewDongtaiLargeImageController.swift in Sources */ = {isa = PBXBuildFile; fileRef = 44526A0A2226D4E0009A98CB /* PreviewDongtaiLargeImageController.swift */; };
		44526A0D2226D4E0009A98CB /* PreviewDongtaiLargeImageController.xib in Resources */ = {isa = PBXBuildFile; fileRef = 44526A0B2226D4E0009A98CB /* PreviewDongtaiLargeImageController.xib */; };
		4486E66D22292FA40050DD04 /* emojis.plist in Resources */ = {isa = PBXBuildFile; fileRef = 4486E66C22292FA40050DD04 /* emojis.plist */; };
		4486E66F22294D750050DD04 /* Emoji.swift in Sources */ = {isa = PBXBuildFile; fileRef = 4486E66E22294D750050DD04 /* Emoji.swift */; };
		448C684B22252B3C003580C4 /* HomeNavigationBarView.swift in Sources */ = {isa = PBXBuildFile; fileRef = 448C684A22252B3C003580C4 /* HomeNavigationBarView.swift */; };
		448C684D22252B86003580C4 /* HomeNavigationBarView.xib in Resources */ = {isa = PBXBuildFile; fileRef = 448C684C22252B86003580C4 /* HomeNavigationBarView.xib */; };
		448C68542225872B003580C4 /* WeitoutiaoViewController.swift in Sources */ = {isa = PBXBuildFile; fileRef = 448C68522225872B003580C4 /* WeitoutiaoViewController.swift */; };
		448C68552225872B003580C4 /* WeitoutiaoViewController.xib in Resources */ = {isa = PBXBuildFile; fileRef = 448C68532225872B003580C4 /* WeitoutiaoViewController.xib */; };
		4495D8F021A3FE1300F53F60 /* MyFirstSectionCell.swift in Sources */ = {isa = PBXBuildFile; fileRef = 4495D8EE21A3FE1300F53F60 /* MyFirstSectionCell.swift */; };
		4495D8F121A3FE1300F53F60 /* MyFirstSectionCell.xib in Resources */ = {isa = PBXBuildFile; fileRef = 4495D8EF21A3FE1300F53F60 /* MyFirstSectionCell.xib */; };
		4495D90621A4393800F53F60 /* MyConcernCell.swift in Sources */ = {isa = PBXBuildFile; fileRef = 4495D90421A4393800F53F60 /* MyConcernCell.swift */; };
		4495D90721A4393800F53F60 /* MyConcernCell.xib in Resources */ = {isa = PBXBuildFile; fileRef = 4495D90521A4393800F53F60 /* MyConcernCell.xib */; };
		44A4B8D2220FA99A002F9ECA /* NavigationBarView.xib in Resources */ = {isa = PBXBuildFile; fileRef = 44A4B8D1220FA99A002F9ECA /* NavigationBarView.xib */; };
		44A4B8D422100419002F9ECA /* RelationRecommendView.swift in Sources */ = {isa = PBXBuildFile; fileRef = 44A4B8D322100419002F9ECA /* RelationRecommendView.swift */; };
		44A4B8D62210043A002F9ECA /* RelationRecommendView.xib in Resources */ = {isa = PBXBuildFile; fileRef = 44A4B8D52210043A002F9ECA /* RelationRecommendView.xib */; };
		44A4B8D922101E12002F9ECA /* RelationRecommendCell.swift in Sources */ = {isa = PBXBuildFile; fileRef = 44A4B8D722101E12002F9ECA /* RelationRecommendCell.swift */; };
		44A4B8DA22101E12002F9ECA /* RelationRecommendCell.xib in Resources */ = {isa = PBXBuildFile; fileRef = 44A4B8D822101E12002F9ECA /* RelationRecommendCell.xib */; };
		44A4B8DC22111CBB002F9ECA /* Foundation+Extension.swift in Sources */ = {isa = PBXBuildFile; fileRef = 44A4B8DB22111CBB002F9ECA /* Foundation+Extension.swift */; };
		44A4B8E322150E36002F9ECA /* UserDetailDongtaiCell.swift in Sources */ = {isa = PBXBuildFile; fileRef = 44A4B8E122150E36002F9ECA /* UserDetailDongtaiCell.swift */; };
		44A4B8E422150E36002F9ECA /* UserDetailDongtaiCell.xib in Resources */ = {isa = PBXBuildFile; fileRef = 44A4B8E222150E36002F9ECA /* UserDetailDongtaiCell.xib */; };
		44B47D1B21A2FFBA0026E2F0 /* Assets.xcassets in Resources */ = {isa = PBXBuildFile; fileRef = 44B47D1A21A2FFBA0026E2F0 /* Assets.xcassets */; };
		44B47D1E21A2FFBA0026E2F0 /* LaunchScreen.storyboard in Resources */ = {isa = PBXBuildFile; fileRef = 44B47D1C21A2FFBA0026E2F0 /* LaunchScreen.storyboard */; };
		44B47D2921A2FFBA0026E2F0 /* NewsTests.swift in Sources */ = {isa = PBXBuildFile; fileRef = 44B47D2821A2FFBA0026E2F0 /* NewsTests.swift */; };
		44B47D3421A2FFBA0026E2F0 /* NewsUITests.swift in Sources */ = {isa = PBXBuildFile; fileRef = 44B47D3321A2FFBA0026E2F0 /* NewsUITests.swift */; };
		44B47D5A21A300AF0026E2F0 /* HomeViewController.swift in Sources */ = {isa = PBXBuildFile; fileRef = 44B47D4421A300AF0026E2F0 /* HomeViewController.swift */; };
		44B47D5B21A300AF0026E2F0 /* VideoViewController.swift in Sources */ = {isa = PBXBuildFile; fileRef = 44B47D4921A300AF0026E2F0 /* VideoViewController.swift */; };
		44B47D5C21A300AF0026E2F0 /* HuoshanViewController.swift in Sources */ = {isa = PBXBuildFile; fileRef = 44B47D4E21A300AF0026E2F0 /* HuoshanViewController.swift */; };
		44B47D5D21A300AF0026E2F0 /* MineViewController.swift in Sources */ = {isa = PBXBuildFile; fileRef = 44B47D5321A300AF0026E2F0 /* MineViewController.swift */; };
		44B47D6121A300BA0026E2F0 /* MyNavigationController.swift in Sources */ = {isa = PBXBuildFile; fileRef = 44B47D5E21A300B90026E2F0 /* MyNavigationController.swift */; };
		44B47D6221A300BA0026E2F0 /* MyTabBar.swift in Sources */ = {isa = PBXBuildFile; fileRef = 44B47D5F21A300B90026E2F0 /* MyTabBar.swift */; };
		44B47D6321A300BA0026E2F0 /* MyTabBarController.swift in Sources */ = {isa = PBXBuildFile; fileRef = 44B47D6021A300B90026E2F0 /* MyTabBarController.swift */; };
		44B47D6721A300DC0026E2F0 /* AppDelegate.swift in Sources */ = {isa = PBXBuildFile; fileRef = 44B47D6521A300DC0026E2F0 /* AppDelegate.swift */; };
		44B47D6A21A30C510026E2F0 /* Const.swift in Sources */ = {isa = PBXBuildFile; fileRef = 44B47D6921A30C510026E2F0 /* Const.swift */; };
		44B47D7021A3D7400026E2F0 /* NetWorkTools.swift in Sources */ = {isa = PBXBuildFile; fileRef = 44B47D6F21A3D7400026E2F0 /* NetWorkTools.swift */; };
		44B47D7221A3E2480026E2F0 /* MyCellModel.swift in Sources */ = {isa = PBXBuildFile; fileRef = 44B47D7121A3E2480026E2F0 /* MyCellModel.swift */; };
		44B47D7521A3F15C0026E2F0 /* MyOtherCell.swift in Sources */ = {isa = PBXBuildFile; fileRef = 44B47D7321A3F15C0026E2F0 /* MyOtherCell.swift */; };
		44B47D7621A3F15C0026E2F0 /* MyOtherCell.xib in Resources */ = {isa = PBXBuildFile; fileRef = 44B47D7421A3F15C0026E2F0 /* MyOtherCell.xib */; };
		44BD935421EF254000954D8C /* UserDetailBottomView.swift in Sources */ = {isa = PBXBuildFile; fileRef = 44BD935321EF254000954D8C /* UserDetailBottomView.swift */; };
		44BD935621EF63A700954D8C /* NavigationBarView.swift in Sources */ = {isa = PBXBuildFile; fileRef = 44BD935521EF63A700954D8C /* NavigationBarView.swift */; };
		44C2EF0821E872CB004C3659 /* OfflineDownloadController.swift in Sources */ = {isa = PBXBuildFile; fileRef = 44C2EF0721E872CB004C3659 /* OfflineDownloadController.swift */; };
		44C2EF0B21E873E7004C3659 /* OfflineDownloadCell.swift in Sources */ = {isa = PBXBuildFile; fileRef = 44C2EF0921E873E7004C3659 /* OfflineDownloadCell.swift */; };
		44C2EF0C21E873E7004C3659 /* OfflineDownloadCell.xib in Resources */ = {isa = PBXBuildFile; fileRef = 44C2EF0A21E873E7004C3659 /* OfflineDownloadCell.xib */; };
		44C2EF0E21E87A1B004C3659 /* HomeNewsTitle.swift in Sources */ = {isa = PBXBuildFile; fileRef = 44C2EF0D21E87A1B004C3659 /* HomeNewsTitle.swift */; };
		44C2EF5621E8CF9C004C3659 /* SQLiteManager.swift in Sources */ = {isa = PBXBuildFile; fileRef = 44C2EF5521E8CF9C004C3659 /* SQLiteManager.swift */; };
		44C2EF5821E8CFF2004C3659 /* libsqlite3.0.tbd in Frameworks */ = {isa = PBXBuildFile; fileRef = 44C2EF5721E8CFF2004C3659 /* libsqlite3.0.tbd */; };
		44C2EF5B21E9F9AD004C3659 /* night_theme.plist in Resources */ = {isa = PBXBuildFile; fileRef = 44C2EF5921E9F9AC004C3659 /* night_theme.plist */; };
		44C2EF5C21E9F9AD004C3659 /* default_theme.plist in Resources */ = {isa = PBXBuildFile; fileRef = 44C2EF5A21E9F9AD004C3659 /* default_theme.plist */; };
		44C2EF5F21EA3CF0004C3659 /* UserDetailViewController.swift in Sources */ = {isa = PBXBuildFile; fileRef = 44C2EF5D21EA3CF0004C3659 /* UserDetailViewController.swift */; };
		44C2EF6021EA3CF0004C3659 /* UserDetailViewController.xib in Resources */ = {isa = PBXBuildFile; fileRef = 44C2EF5E21EA3CF0004C3659 /* UserDetailViewController.xib */; };
		44C2EF6221EA3F8C004C3659 /* UserDetailHeaderView.swift in Sources */ = {isa = PBXBuildFile; fileRef = 44C2EF6121EA3F8C004C3659 /* UserDetailHeaderView.swift */; };
		44C2EF6421EA3F95004C3659 /* UserDetailHeaderView.xib in Resources */ = {isa = PBXBuildFile; fileRef = 44C2EF6321EA3F95004C3659 /* UserDetailHeaderView.xib */; };
		44C2EF6621EC87B8004C3659 /* UserDetail.swift in Sources */ = {isa = PBXBuildFile; fileRef = 44C2EF6521EC87B8004C3659 /* UserDetail.swift */; };
		44CC10012209285600A32811 /* UserDetailBottomPushController.swift in Sources */ = {isa = PBXBuildFile; fileRef = 44CC10002209285600A32811 /* UserDetailBottomPushController.swift */; };
		44CC100322094CB700A32811 /* UserDetailBottomPopController.swift in Sources */ = {isa = PBXBuildFile; fileRef = 44CC100222094CB700A32811 /* UserDetailBottomPopController.swift */; };
		44CC100522094CE300A32811 /* UserDetailBottomPopController.storyboard in Resources */ = {isa = PBXBuildFile; fileRef = 44CC100422094CE300A32811 /* UserDetailBottomPopController.storyboard */; };
		44DB4C762237F4B600977F2A /* UserDetailCell.swift in Sources */ = {isa = PBXBuildFile; fileRef = 44DB4C742237F4B600977F2A /* UserDetailCell.swift */; };
		44DB4C772237F4B600977F2A /* UserDetailCell.xib in Resources */ = {isa = PBXBuildFile; fileRef = 44DB4C752237F4B600977F2A /* UserDetailCell.xib */; };
		44DB4C7A2237FDA100977F2A /* UserDetailNavigationBar.swift in Sources */ = {isa = PBXBuildFile; fileRef = 44DB4C782237FDA100977F2A /* UserDetailNavigationBar.swift */; };
		44DB4C7B2237FDA100977F2A /* UserDetailNavigationBar.xib in Resources */ = {isa = PBXBuildFile; fileRef = 44DB4C792237FDA100977F2A /* UserDetailNavigationBar.xib */; };
		44DB4C7D2238081200977F2A /* TopTabScrollView.swift in Sources */ = {isa = PBXBuildFile; fileRef = 44DB4C7C2238081200977F2A /* TopTabScrollView.swift */; };
		44DB4C802238A41D00977F2A /* WendaViewController.swift in Sources */ = {isa = PBXBuildFile; fileRef = 44DB4C7E2238A41D00977F2A /* WendaViewController.swift */; };
		44DB4C812238A41D00977F2A /* WendaViewController.xib in Resources */ = {isa = PBXBuildFile; fileRef = 44DB4C7F2238A41D00977F2A /* WendaViewController.xib */; };
		44DB4C842238BA7900977F2A /* UserDiggViewController.swift in Sources */ = {isa = PBXBuildFile; fileRef = 44DB4C822238BA7900977F2A /* UserDiggViewController.swift */; };
		44DB4C852238BA7900977F2A /* UserDiggViewController.xib in Resources */ = {isa = PBXBuildFile; fileRef = 44DB4C832238BA7900977F2A /* UserDiggViewController.xib */; };
		44DB4C882238BCA900977F2A /* UserDiggCell.swift in Sources */ = {isa = PBXBuildFile; fileRef = 44DB4C862238BCA900977F2A /* UserDiggCell.swift */; };
		44DB4C892238BCA900977F2A /* UserDiggCell.xib in Resources */ = {isa = PBXBuildFile; fileRef = 44DB4C872238BCA900977F2A /* UserDiggCell.xib */; };
		44DB4C8B2238BDB000977F2A /* SVProgressHUD+Extension.swift in Sources */ = {isa = PBXBuildFile; fileRef = 44DB4C8A2238BDB000977F2A /* SVProgressHUD+Extension.swift */; };
		44DB4C8D2238F78300977F2A /* PostCommentView.swift in Sources */ = {isa = PBXBuildFile; fileRef = 44DB4C8C2238F78300977F2A /* PostCommentView.swift */; };
		44DB4C8F2238F78B00977F2A /* PostCommentView.xib in Resources */ = {isa = PBXBuildFile; fileRef = 44DB4C8E2238F78B00977F2A /* PostCommentView.xib */; };
		44ECD8CB2236BB9600C2735D /* DongtaiCommentCell.swift in Sources */ = {isa = PBXBuildFile; fileRef = 44ECD8C92236BB9600C2735D /* DongtaiCommentCell.swift */; };
		44ECD8CC2236BB9600C2735D /* DongtaiCommentCell.xib in Resources */ = {isa = PBXBuildFile; fileRef = 44ECD8CA2236BB9600C2735D /* DongtaiCommentCell.xib */; };
		44ECD8CF2237CEF600C2735D /* UserDetailViewController2.swift in Sources */ = {isa = PBXBuildFile; fileRef = 44ECD8CD2237CEF600C2735D /* UserDetailViewController2.swift */; };
		44ECD8D02237CEF600C2735D /* UserDetailViewController2.xib in Resources */ = {isa = PBXBuildFile; fileRef = 44ECD8CE2237CEF600C2735D /* UserDetailViewController2.xib */; };
		44ECD8D32237D23400C2735D /* UserDetailHeaderView2.xib in Resources */ = {isa = PBXBuildFile; fileRef = 44ECD8D12237D23400C2735D /* UserDetailHeaderView2.xib */; };
		44ECD8D42237D23400C2735D /* UserDetailHeaderView2.swift in Sources */ = {isa = PBXBuildFile; fileRef = 44ECD8D22237D23400C2735D /* UserDetailHeaderView2.swift */; };
		44ECD8D62237D74B00C2735D /* DongtaiTableViewController.swift in Sources */ = {isa = PBXBuildFile; fileRef = 44ECD8D52237D74B00C2735D /* DongtaiTableViewController.swift */; };
		473BAD07639897C2BA34D181 /* Pods_News.framework in Frameworks */ = {isa = PBXBuildFile; fileRef = 9C5898739FED5E41D968D218 /* Pods_News.framework */; };
/* End PBXBuildFile section */

/* Begin PBXContainerItemProxy section */
		44B47D2521A2FFBA0026E2F0 /* PBXContainerItemProxy */ = {
			isa = PBXContainerItemProxy;
			containerPortal = 44B47D0821A2FFB90026E2F0 /* Project object */;
			proxyType = 1;
			remoteGlobalIDString = 44B47D0F21A2FFB90026E2F0;
			remoteInfo = News;
		};
		44B47D3021A2FFBA0026E2F0 /* PBXContainerItemProxy */ = {
			isa = PBXContainerItemProxy;
			containerPortal = 44B47D0821A2FFB90026E2F0 /* Project object */;
			proxyType = 1;
			remoteGlobalIDString = 44B47D0F21A2FFB90026E2F0;
			remoteInfo = News;
		};
/* End PBXContainerItemProxy section */

/* Begin PBXFileReference section */
		2AF9F0B9F4B21605F9BA356B /* Pods_NewsTests.framework */ = {isa = PBXFileReference; explicitFileType = wrapper.framework; includeInIndex = 0; path = Pods_NewsTests.framework; sourceTree = BUILT_PRODUCTS_DIR; };
		3AA4C2393794D28B6D818A4F /* Pods-News.release.xcconfig */ = {isa = PBXFileReference; includeInIndex = 1; lastKnownFileType = text.xcconfig; name = "Pods-News.release.xcconfig"; path = "Pods/Target Support Files/Pods-News/Pods-News.release.xcconfig"; sourceTree = "<group>"; };
		3F0C92A53D6A470CB8DDE358 /* Pods-News.debug.xcconfig */ = {isa = PBXFileReference; includeInIndex = 1; lastKnownFileType = text.xcconfig; name = "Pods-News.debug.xcconfig"; path = "Pods/Target Support Files/Pods-News/Pods-News.debug.xcconfig"; sourceTree = "<group>"; };
		4400914A21A52B0F008B862C /* MyTheme.swift */ = {isa = PBXFileReference; lastKnownFileType = sourcecode.swift; path = MyTheme.swift; sourceTree = "<group>"; };
		4400915221A55763008B862C /* NoLoginHeaderView.swift */ = {isa = PBXFileReference; lastKnownFileType = sourcecode.swift; path = NoLoginHeaderView.swift; sourceTree = "<group>"; };
		4400915421A55782008B862C /* NoLoginHeaderView.xib */ = {isa = PBXFileReference; lastKnownFileType = file.xib; path = NoLoginHeaderView.xib; sourceTree = "<group>"; };
		44012DEA21D1FB3B0017E03E /* SettingViewController.swift */ = {isa = PBXFileReference; lastKnownFileType = sourcecode.swift; path = SettingViewController.swift; sourceTree = "<group>"; };
		44012DEC21D219000017E03E /* settingPlist.plist */ = {isa = PBXFileReference; lastKnownFileType = text.plist.xml; path = settingPlist.plist; sourceTree = "<group>"; };
		44012DEE21D21CEF0017E03E /* SettingModel.swift */ = {isa = PBXFileReference; lastKnownFileType = sourcecode.swift; path = SettingModel.swift; sourceTree = "<group>"; };
		44012DF021D223170017E03E /* SettingCell.swift */ = {isa = PBXFileReference; lastKnownFileType = sourcecode.swift; path = SettingCell.swift; sourceTree = "<group>"; };
		44012DF121D223170017E03E /* SettingCell.xib */ = {isa = PBXFileReference; lastKnownFileType = file.xib; path = SettingCell.xib; sourceTree = "<group>"; };
		4404FDC9222B933B0057ABA8 /* RefreshView.swift */ = {isa = PBXFileReference; lastKnownFileType = sourcecode.swift; path = RefreshView.swift; sourceTree = "<group>"; };
		4404FDCB222FBD2F0057ABA8 /* UserDetailWendaCell.swift */ = {isa = PBXFileReference; lastKnownFileType = sourcecode.swift; path = UserDetailWendaCell.swift; sourceTree = "<group>"; };
		4404FDCC222FBD2F0057ABA8 /* UserDetailWendaCell.xib */ = {isa = PBXFileReference; lastKnownFileType = file.xib; path = UserDetailWendaCell.xib; sourceTree = "<group>"; };
		4404FDCF2234D3560057ABA8 /* DongtaiDetailViewController.swift */ = {isa = PBXFileReference; lastKnownFileType = sourcecode.swift; path = DongtaiDetailViewController.swift; sourceTree = "<group>"; };
		4404FDD02234D3560057ABA8 /* DongtaiDetailViewController.xib */ = {isa = PBXFileReference; lastKnownFileType = file.xib; path = DongtaiDetailViewController.xib; sourceTree = "<group>"; };
		4404FDD3223502340057ABA8 /* DongtaiDetailNavigationBar.swift */ = {isa = PBXFileReference; lastKnownFileType = sourcecode.swift; path = DongtaiDetailNavigationBar.swift; sourceTree = "<group>"; };
		4404FDD5223502490057ABA8 /* DongtaiDetailNavigationBar.xib */ = {isa = PBXFileReference; lastKnownFileType = file.xib; path = DongtaiDetailNavigationBar.xib; sourceTree = "<group>"; };
		4404FDD7223538700057ABA8 /* DongtaiDetailHeaderView.swift */ = {isa = PBXFileReference; lastKnownFileType = sourcecode.swift; path = DongtaiDetailHeaderView.swift; sourceTree = "<group>"; };
		4404FDD92235387D0057ABA8 /* DongtaiDetailHeaderView.xib */ = {isa = PBXFileReference; lastKnownFileType = file.xib; path = DongtaiDetailHeaderView.xib; sourceTree = "<group>"; };
		440A5FB42216D5630096B4E2 /* Calculate.swift */ = {isa = PBXFileReference; lastKnownFileType = sourcecode.swift; path = Calculate.swift; sourceTree = "<group>"; };
		440A5FB622194BC40096B4E2 /* PostVideoOrArticleView.swift */ = {isa = PBXFileReference; lastKnownFileType = sourcecode.swift; path = PostVideoOrArticleView.swift; sourceTree = "<group>"; };
		440A5FB822194BDA0096B4E2 /* PostVideoOrArticleView.xib */ = {isa = PBXFileReference; lastKnownFileType = file.xib; path = PostVideoOrArticleView.xib; sourceTree = "<group>"; };
		440A5FBA221958720096B4E2 /* DongtaiCollectionViewCell.swift */ = {isa = PBXFileReference; lastKnownFileType = sourcecode.swift; path = DongtaiCollectionViewCell.swift; sourceTree = "<group>"; };
		440A5FBB221958720096B4E2 /* DongtaiCollectionViewCell.xib */ = {isa = PBXFileReference; lastKnownFileType = file.xib; path = DongtaiCollectionViewCell.xib; sourceTree = "<group>"; };
		440F150B221F9CFC0033FF0C /* DongtaiOriginThreadView.swift */ = {isa = PBXFileReference; lastKnownFileType = sourcecode.swift; path = DongtaiOriginThreadView.swift; sourceTree = "<group>"; };
		440F150D221F9D740033FF0C /* DongtaiOriginThreadView.xib */ = {isa = PBXFileReference; lastKnownFileType = file.xib; path = DongtaiOriginThreadView.xib; sourceTree = "<group>"; };
		440F150F221FBC770033FF0C /* DongtaiCollectionView.swift */ = {isa = PBXFileReference; lastKnownFileType = sourcecode.swift; path = DongtaiCollectionView.swift; sourceTree = "<group>"; };
		440F1511221FCE8F0033FF0C /* DongtaiCollectionView.xib */ = {isa = PBXFileReference; lastKnownFileType = file.xib; path = DongtaiCollectionView.xib; sourceTree = "<group>"; };
		440F1513221FDF240033FF0C /* UIKit+Extension.swift */ = {isa = PBXFileReference; lastKnownFileType = sourcecode.swift; path = "UIKit+Extension.swift"; sourceTree = "<group>"; };
		442D68972209DA5600BE1558 /* PopoverAnimator.swift */ = {isa = PBXFileReference; lastKnownFileType = sourcecode.swift; path = PopoverAnimator.swift; sourceTree = "<group>"; };
		442D68992209DCCB00BE1558 /* MyPresentationController.swift */ = {isa = PBXFileReference; lastKnownFileType = sourcecode.swift; path = MyPresentationController.swift; sourceTree = "<group>"; };
		444F9B7621B55FF5009ACAF7 /* MoreLoginViewController.swift */ = {isa = PBXFileReference; lastKnownFileType = sourcecode.swift; path = MoreLoginViewController.swift; sourceTree = "<group>"; };
		444F9B7821B5603E009ACAF7 /* MoreLoginViewController.storyboard */ = {isa = PBXFileReference; lastKnownFileType = file.storyboard; path = MoreLoginViewController.storyboard; sourceTree = "<group>"; };
		44526A0A2226D4E0009A98CB /* PreviewDongtaiLargeImageController.swift */ = {isa = PBXFileReference; lastKnownFileType = sourcecode.swift; path = PreviewDongtaiLargeImageController.swift; sourceTree = "<group>"; };
		44526A0B2226D4E0009A98CB /* PreviewDongtaiLargeImageController.xib */ = {isa = PBXFileReference; lastKnownFileType = file.xib; path = PreviewDongtaiLargeImageController.xib; sourceTree = "<group>"; };
		4486E66C22292FA40050DD04 /* emojis.plist */ = {isa = PBXFileReference; fileEncoding = 4; lastKnownFileType = text.plist.xml; path = emojis.plist; sourceTree = "<group>"; };
		4486E66E22294D750050DD04 /* Emoji.swift */ = {isa = PBXFileReference; lastKnownFileType = sourcecode.swift; path = Emoji.swift; sourceTree = "<group>"; };
		448C684A22252B3C003580C4 /* HomeNavigationBarView.swift */ = {isa = PBXFileReference; lastKnownFileType = sourcecode.swift; path = HomeNavigationBarView.swift; sourceTree = "<group>"; };
		448C684C22252B86003580C4 /* HomeNavigationBarView.xib */ = {isa = PBXFileReference; lastKnownFileType = file.xib; path = HomeNavigationBarView.xib; sourceTree = "<group>"; };
		448C68522225872B003580C4 /* WeitoutiaoViewController.swift */ = {isa = PBXFileReference; lastKnownFileType = sourcecode.swift; path = WeitoutiaoViewController.swift; sourceTree = "<group>"; };
		448C68532225872B003580C4 /* WeitoutiaoViewController.xib */ = {isa = PBXFileReference; lastKnownFileType = file.xib; path = WeitoutiaoViewController.xib; sourceTree = "<group>"; };
		4495D8EE21A3FE1300F53F60 /* MyFirstSectionCell.swift */ = {isa = PBXFileReference; lastKnownFileType = sourcecode.swift; path = MyFirstSectionCell.swift; sourceTree = "<group>"; };
		4495D8EF21A3FE1300F53F60 /* MyFirstSectionCell.xib */ = {isa = PBXFileReference; lastKnownFileType = file.xib; path = MyFirstSectionCell.xib; sourceTree = "<group>"; };
		4495D90421A4393800F53F60 /* MyConcernCell.swift */ = {isa = PBXFileReference; lastKnownFileType = sourcecode.swift; path = MyConcernCell.swift; sourceTree = "<group>"; };
		4495D90521A4393800F53F60 /* MyConcernCell.xib */ = {isa = PBXFileReference; lastKnownFileType = file.xib; path = MyConcernCell.xib; sourceTree = "<group>"; };
		44A4B8D1220FA99A002F9ECA /* NavigationBarView.xib */ = {isa = PBXFileReference; lastKnownFileType = file.xib; path = NavigationBarView.xib; sourceTree = "<group>"; };
		44A4B8D322100419002F9ECA /* RelationRecommendView.swift */ = {isa = PBXFileReference; lastKnownFileType = sourcecode.swift; path = RelationRecommendView.swift; sourceTree = "<group>"; };
		44A4B8D52210043A002F9ECA /* RelationRecommendView.xib */ = {isa = PBXFileReference; lastKnownFileType = file.xib; path = RelationRecommendView.xib; sourceTree = "<group>"; };
		44A4B8D722101E12002F9ECA /* RelationRecommendCell.swift */ = {isa = PBXFileReference; lastKnownFileType = sourcecode.swift; path = RelationRecommendCell.swift; sourceTree = "<group>"; };
		44A4B8D822101E12002F9ECA /* RelationRecommendCell.xib */ = {isa = PBXFileReference; lastKnownFileType = file.xib; path = RelationRecommendCell.xib; sourceTree = "<group>"; };
		44A4B8DB22111CBB002F9ECA /* Foundation+Extension.swift */ = {isa = PBXFileReference; lastKnownFileType = sourcecode.swift; path = "Foundation+Extension.swift"; sourceTree = "<group>"; };
		44A4B8E122150E36002F9ECA /* UserDetailDongtaiCell.swift */ = {isa = PBXFileReference; lastKnownFileType = sourcecode.swift; path = UserDetailDongtaiCell.swift; sourceTree = "<group>"; };
		44A4B8E222150E36002F9ECA /* UserDetailDongtaiCell.xib */ = {isa = PBXFileReference; lastKnownFileType = file.xib; path = UserDetailDongtaiCell.xib; sourceTree = "<group>"; };
		44B47D1021A2FFB90026E2F0 /* News.app */ = {isa = PBXFileReference; explicitFileType = wrapper.application; includeInIndex = 0; path = News.app; sourceTree = BUILT_PRODUCTS_DIR; };
		44B47D1A21A2FFBA0026E2F0 /* Assets.xcassets */ = {isa = PBXFileReference; lastKnownFileType = folder.assetcatalog; path = Assets.xcassets; sourceTree = "<group>"; };
		44B47D1D21A2FFBA0026E2F0 /* Base */ = {isa = PBXFileReference; lastKnownFileType = file.storyboard; name = Base; path = Base.lproj/LaunchScreen.storyboard; sourceTree = "<group>"; };
		44B47D2421A2FFBA0026E2F0 /* NewsTests.xctest */ = {isa = PBXFileReference; explicitFileType = wrapper.cfbundle; includeInIndex = 0; path = NewsTests.xctest; sourceTree = BUILT_PRODUCTS_DIR; };
		44B47D2821A2FFBA0026E2F0 /* NewsTests.swift */ = {isa = PBXFileReference; lastKnownFileType = sourcecode.swift; path = NewsTests.swift; sourceTree = "<group>"; };
		44B47D2A21A2FFBA0026E2F0 /* Info.plist */ = {isa = PBXFileReference; lastKnownFileType = text.plist.xml; path = Info.plist; sourceTree = "<group>"; };
		44B47D2F21A2FFBA0026E2F0 /* NewsUITests.xctest */ = {isa = PBXFileReference; explicitFileType = wrapper.cfbundle; includeInIndex = 0; path = NewsUITests.xctest; sourceTree = BUILT_PRODUCTS_DIR; };
		44B47D3321A2FFBA0026E2F0 /* NewsUITests.swift */ = {isa = PBXFileReference; lastKnownFileType = sourcecode.swift; path = NewsUITests.swift; sourceTree = "<group>"; };
		44B47D3521A2FFBA0026E2F0 /* Info.plist */ = {isa = PBXFileReference; lastKnownFileType = text.plist.xml; path = Info.plist; sourceTree = "<group>"; };
		44B47D4421A300AF0026E2F0 /* HomeViewController.swift */ = {isa = PBXFileReference; fileEncoding = 4; lastKnownFileType = sourcecode.swift; path = HomeViewController.swift; sourceTree = "<group>"; };
		44B47D4921A300AF0026E2F0 /* VideoViewController.swift */ = {isa = PBXFileReference; fileEncoding = 4; lastKnownFileType = sourcecode.swift; path = VideoViewController.swift; sourceTree = "<group>"; };
		44B47D4E21A300AF0026E2F0 /* HuoshanViewController.swift */ = {isa = PBXFileReference; fileEncoding = 4; lastKnownFileType = sourcecode.swift; path = HuoshanViewController.swift; sourceTree = "<group>"; };
		44B47D5321A300AF0026E2F0 /* MineViewController.swift */ = {isa = PBXFileReference; fileEncoding = 4; lastKnownFileType = sourcecode.swift; path = MineViewController.swift; sourceTree = "<group>"; };
		44B47D5E21A300B90026E2F0 /* MyNavigationController.swift */ = {isa = PBXFileReference; fileEncoding = 4; lastKnownFileType = sourcecode.swift; path = MyNavigationController.swift; sourceTree = "<group>"; };
		44B47D5F21A300B90026E2F0 /* MyTabBar.swift */ = {isa = PBXFileReference; fileEncoding = 4; lastKnownFileType = sourcecode.swift; path = MyTabBar.swift; sourceTree = "<group>"; };
		44B47D6021A300B90026E2F0 /* MyTabBarController.swift */ = {isa = PBXFileReference; fileEncoding = 4; lastKnownFileType = sourcecode.swift; path = MyTabBarController.swift; sourceTree = "<group>"; };
		44B47D6521A300DC0026E2F0 /* AppDelegate.swift */ = {isa = PBXFileReference; fileEncoding = 4; lastKnownFileType = sourcecode.swift; path = AppDelegate.swift; sourceTree = "<group>"; };
		44B47D6621A300DC0026E2F0 /* Info.plist */ = {isa = PBXFileReference; fileEncoding = 4; lastKnownFileType = text.plist.xml; path = Info.plist; sourceTree = "<group>"; };
		44B47D6921A30C510026E2F0 /* Const.swift */ = {isa = PBXFileReference; lastKnownFileType = sourcecode.swift; path = Const.swift; sourceTree = "<group>"; };
		44B47D6F21A3D7400026E2F0 /* NetWorkTools.swift */ = {isa = PBXFileReference; lastKnownFileType = sourcecode.swift; path = NetWorkTools.swift; sourceTree = "<group>"; };
		44B47D7121A3E2480026E2F0 /* MyCellModel.swift */ = {isa = PBXFileReference; lastKnownFileType = sourcecode.swift; path = MyCellModel.swift; sourceTree = "<group>"; };
		44B47D7321A3F15C0026E2F0 /* MyOtherCell.swift */ = {isa = PBXFileReference; lastKnownFileType = sourcecode.swift; path = MyOtherCell.swift; sourceTree = "<group>"; };
		44B47D7421A3F15C0026E2F0 /* MyOtherCell.xib */ = {isa = PBXFileReference; lastKnownFileType = file.xib; path = MyOtherCell.xib; sourceTree = "<group>"; };
		44BD935321EF254000954D8C /* UserDetailBottomView.swift */ = {isa = PBXFileReference; lastKnownFileType = sourcecode.swift; path = UserDetailBottomView.swift; sourceTree = "<group>"; };
		44BD935521EF63A700954D8C /* NavigationBarView.swift */ = {isa = PBXFileReference; lastKnownFileType = sourcecode.swift; path = NavigationBarView.swift; sourceTree = "<group>"; };
		44C2EF0721E872CB004C3659 /* OfflineDownloadController.swift */ = {isa = PBXFileReference; lastKnownFileType = sourcecode.swift; path = OfflineDownloadController.swift; sourceTree = "<group>"; };
		44C2EF0921E873E7004C3659 /* OfflineDownloadCell.swift */ = {isa = PBXFileReference; lastKnownFileType = sourcecode.swift; path = OfflineDownloadCell.swift; sourceTree = "<group>"; };
		44C2EF0A21E873E7004C3659 /* OfflineDownloadCell.xib */ = {isa = PBXFileReference; lastKnownFileType = file.xib; path = OfflineDownloadCell.xib; sourceTree = "<group>"; };
		44C2EF0D21E87A1B004C3659 /* HomeNewsTitle.swift */ = {isa = PBXFileReference; lastKnownFileType = sourcecode.swift; path = HomeNewsTitle.swift; sourceTree = "<group>"; };
		44C2EF5521E8CF9C004C3659 /* SQLiteManager.swift */ = {isa = PBXFileReference; lastKnownFileType = sourcecode.swift; path = SQLiteManager.swift; sourceTree = "<group>"; };
		44C2EF5721E8CFF2004C3659 /* libsqlite3.0.tbd */ = {isa = PBXFileReference; lastKnownFileType = "sourcecode.text-based-dylib-definition"; name = libsqlite3.0.tbd; path = usr/lib/libsqlite3.0.tbd; sourceTree = SDKROOT; };
		44C2EF5921E9F9AC004C3659 /* night_theme.plist */ = {isa = PBXFileReference; fileEncoding = 4; lastKnownFileType = text.plist.xml; path = night_theme.plist; sourceTree = "<group>"; };
		44C2EF5A21E9F9AD004C3659 /* default_theme.plist */ = {isa = PBXFileReference; fileEncoding = 4; lastKnownFileType = text.plist.xml; path = default_theme.plist; sourceTree = "<group>"; };
		44C2EF5D21EA3CF0004C3659 /* UserDetailViewController.swift */ = {isa = PBXFileReference; lastKnownFileType = sourcecode.swift; path = UserDetailViewController.swift; sourceTree = "<group>"; };
		44C2EF5E21EA3CF0004C3659 /* UserDetailViewController.xib */ = {isa = PBXFileReference; lastKnownFileType = file.xib; path = UserDetailViewController.xib; sourceTree = "<group>"; };
		44C2EF6121EA3F8C004C3659 /* UserDetailHeaderView.swift */ = {isa = PBXFileReference; lastKnownFileType = sourcecode.swift; path = UserDetailHeaderView.swift; sourceTree = "<group>"; };
		44C2EF6321EA3F95004C3659 /* UserDetailHeaderView.xib */ = {isa = PBXFileReference; lastKnownFileType = file.xib; path = UserDetailHeaderView.xib; sourceTree = "<group>"; };
		44C2EF6521EC87B8004C3659 /* UserDetail.swift */ = {isa = PBXFileReference; lastKnownFileType = sourcecode.swift; path = UserDetail.swift; sourceTree = "<group>"; };
		44CC10002209285600A32811 /* UserDetailBottomPushController.swift */ = {isa = PBXFileReference; lastKnownFileType = sourcecode.swift; path = UserDetailBottomPushController.swift; sourceTree = "<group>"; };
		44CC100222094CB700A32811 /* UserDetailBottomPopController.swift */ = {isa = PBXFileReference; lastKnownFileType = sourcecode.swift; path = UserDetailBottomPopController.swift; sourceTree = "<group>"; };
		44CC100422094CE300A32811 /* UserDetailBottomPopController.storyboard */ = {isa = PBXFileReference; lastKnownFileType = file.storyboard; path = UserDetailBottomPopController.storyboard; sourceTree = "<group>"; };
		44DB4C742237F4B600977F2A /* UserDetailCell.swift */ = {isa = PBXFileReference; lastKnownFileType = sourcecode.swift; path = UserDetailCell.swift; sourceTree = "<group>"; };
		44DB4C752237F4B600977F2A /* UserDetailCell.xib */ = {isa = PBXFileReference; lastKnownFileType = file.xib; path = UserDetailCell.xib; sourceTree = "<group>"; };
		44DB4C782237FDA100977F2A /* UserDetailNavigationBar.swift */ = {isa = PBXFileReference; fileEncoding = 4; lastKnownFileType = sourcecode.swift; path = UserDetailNavigationBar.swift; sourceTree = "<group>"; };
		44DB4C792237FDA100977F2A /* UserDetailNavigationBar.xib */ = {isa = PBXFileReference; fileEncoding = 4; lastKnownFileType = file.xib; path = UserDetailNavigationBar.xib; sourceTree = "<group>"; };
		44DB4C7C2238081200977F2A /* TopTabScrollView.swift */ = {isa = PBXFileReference; lastKnownFileType = sourcecode.swift; path = TopTabScrollView.swift; sourceTree = "<group>"; };
		44DB4C7E2238A41D00977F2A /* WendaViewController.swift */ = {isa = PBXFileReference; lastKnownFileType = sourcecode.swift; path = WendaViewController.swift; sourceTree = "<group>"; };
		44DB4C7F2238A41D00977F2A /* WendaViewController.xib */ = {isa = PBXFileReference; lastKnownFileType = file.xib; path = WendaViewController.xib; sourceTree = "<group>"; };
		44DB4C822238BA7900977F2A /* UserDiggViewController.swift */ = {isa = PBXFileReference; lastKnownFileType = sourcecode.swift; path = UserDiggViewController.swift; sourceTree = "<group>"; };
		44DB4C832238BA7900977F2A /* UserDiggViewController.xib */ = {isa = PBXFileReference; lastKnownFileType = file.xib; path = UserDiggViewController.xib; sourceTree = "<group>"; };
		44DB4C862238BCA900977F2A /* UserDiggCell.swift */ = {isa = PBXFileReference; lastKnownFileType = sourcecode.swift; path = UserDiggCell.swift; sourceTree = "<group>"; };
		44DB4C872238BCA900977F2A /* UserDiggCell.xib */ = {isa = PBXFileReference; lastKnownFileType = file.xib; path = UserDiggCell.xib; sourceTree = "<group>"; };
		44DB4C8A2238BDB000977F2A /* SVProgressHUD+Extension.swift */ = {isa = PBXFileReference; lastKnownFileType = sourcecode.swift; path = "SVProgressHUD+Extension.swift"; sourceTree = "<group>"; };
		44DB4C8C2238F78300977F2A /* PostCommentView.swift */ = {isa = PBXFileReference; lastKnownFileType = sourcecode.swift; path = PostCommentView.swift; sourceTree = "<group>"; };
		44DB4C8E2238F78B00977F2A /* PostCommentView.xib */ = {isa = PBXFileReference; lastKnownFileType = file.xib; path = PostCommentView.xib; sourceTree = "<group>"; };
		44ECD8C92236BB9600C2735D /* DongtaiCommentCell.swift */ = {isa = PBXFileReference; lastKnownFileType = sourcecode.swift; path = DongtaiCommentCell.swift; sourceTree = "<group>"; };
		44ECD8CA2236BB9600C2735D /* DongtaiCommentCell.xib */ = {isa = PBXFileReference; lastKnownFileType = file.xib; path = DongtaiCommentCell.xib; sourceTree = "<group>"; };
		44ECD8CD2237CEF600C2735D /* UserDetailViewController2.swift */ = {isa = PBXFileReference; lastKnownFileType = sourcecode.swift; path = UserDetailViewController2.swift; sourceTree = "<group>"; };
		44ECD8CE2237CEF600C2735D /* UserDetailViewController2.xib */ = {isa = PBXFileReference; lastKnownFileType = file.xib; path = UserDetailViewController2.xib; sourceTree = "<group>"; };
		44ECD8D12237D23400C2735D /* UserDetailHeaderView2.xib */ = {isa = PBXFileReference; fileEncoding = 4; lastKnownFileType = file.xib; path = UserDetailHeaderView2.xib; sourceTree = "<group>"; };
		44ECD8D22237D23400C2735D /* UserDetailHeaderView2.swift */ = {isa = PBXFileReference; fileEncoding = 4; lastKnownFileType = sourcecode.swift; path = UserDetailHeaderView2.swift; sourceTree = "<group>"; };
		44ECD8D52237D74B00C2735D /* DongtaiTableViewController.swift */ = {isa = PBXFileReference; lastKnownFileType = sourcecode.swift; path = DongtaiTableViewController.swift; sourceTree = "<group>"; };
		9C5898739FED5E41D968D218 /* Pods_News.framework */ = {isa = PBXFileReference; explicitFileType = wrapper.framework; includeInIndex = 0; path = Pods_News.framework; sourceTree = BUILT_PRODUCTS_DIR; };
		9DF3793C714747D274D06746 /* Pods_NewsUITests.framework */ = {isa = PBXFileReference; explicitFileType = wrapper.framework; includeInIndex = 0; path = Pods_NewsUITests.framework; sourceTree = BUILT_PRODUCTS_DIR; };
/* End PBXFileReference section */

/* Begin PBXFrameworksBuildPhase section */
		44B47D0D21A2FFB90026E2F0 /* Frameworks */ = {
			isa = PBXFrameworksBuildPhase;
			buildActionMask = 2147483647;
			files = (
				44C2EF5821E8CFF2004C3659 /* libsqlite3.0.tbd in Frameworks */,
				473BAD07639897C2BA34D181 /* Pods_News.framework in Frameworks */,
			);
			runOnlyForDeploymentPostprocessing = 0;
		};
		44B47D2121A2FFBA0026E2F0 /* Frameworks */ = {
			isa = PBXFrameworksBuildPhase;
			buildActionMask = 2147483647;
			files = (
			);
			runOnlyForDeploymentPostprocessing = 0;
		};
		44B47D2C21A2FFBA0026E2F0 /* Frameworks */ = {
			isa = PBXFrameworksBuildPhase;
			buildActionMask = 2147483647;
			files = (
			);
			runOnlyForDeploymentPostprocessing = 0;
		};
/* End PBXFrameworksBuildPhase section */

/* Begin PBXGroup section */
		4479E76B21A58C7400B470FA /* Theme */ = {
			isa = PBXGroup;
			children = (
				44C2EF5A21E9F9AD004C3659 /* default_theme.plist */,
				44C2EF5921E9F9AC004C3659 /* night_theme.plist */,
			);
			path = Theme;
			sourceTree = "<group>";
		};
		448C684E222586C0003580C4 /* Weitoutiao */ = {
			isa = PBXGroup;
			children = (
				448C684F222586C0003580C4 /* Controller */,
				448C6850222586C0003580C4 /* Model */,
				448C6851222586C0003580C4 /* View */,
			);
			name = Weitoutiao;
			path = News/Classes/Weitoutiao;
			sourceTree = SOURCE_ROOT;
		};
		448C684F222586C0003580C4 /* Controller */ = {
			isa = PBXGroup;
			children = (
				448C68522225872B003580C4 /* WeitoutiaoViewController.swift */,
				448C68532225872B003580C4 /* WeitoutiaoViewController.xib */,
			);
			path = Controller;
			sourceTree = "<group>";
		};
		448C6850222586C0003580C4 /* Model */ = {
			isa = PBXGroup;
			children = (
			);
			path = Model;
			sourceTree = "<group>";
		};
		448C6851222586C0003580C4 /* View */ = {
			isa = PBXGroup;
			children = (
			);
			path = View;
			sourceTree = "<group>";
		};
		44B47D0721A2FFB90026E2F0 = {
			isa = PBXGroup;
			children = (
				44B47D1221A2FFB90026E2F0 /* News */,
				44B47D2721A2FFBA0026E2F0 /* NewsTests */,
				44B47D3221A2FFBA0026E2F0 /* NewsUITests */,
				44B47D1121A2FFB90026E2F0 /* Products */,
				64B511CECC946D89BFFF97FD /* Pods */,
				ED6FA3EC8679F0CC9B81CBB8 /* Frameworks */,
			);
			sourceTree = "<group>";
		};
		44B47D1121A2FFB90026E2F0 /* Products */ = {
			isa = PBXGroup;
			children = (
				44B47D1021A2FFB90026E2F0 /* News.app */,
				44B47D2421A2FFBA0026E2F0 /* NewsTests.xctest */,
				44B47D2F21A2FFBA0026E2F0 /* NewsUITests.xctest */,
			);
			name = Products;
			sourceTree = "<group>";
		};
		44B47D1221A2FFB90026E2F0 /* News */ = {
			isa = PBXGroup;
			children = (
				44B47D4121A300AF0026E2F0 /* Classes */,
				44B47D6421A300DC0026E2F0 /* Others */,
				44B47D1A21A2FFBA0026E2F0 /* Assets.xcassets */,
				44B47D1C21A2FFBA0026E2F0 /* LaunchScreen.storyboard */,
			);
			path = News;
			sourceTree = "<group>";
		};
		44B47D2721A2FFBA0026E2F0 /* NewsTests */ = {
			isa = PBXGroup;
			children = (
				44B47D2821A2FFBA0026E2F0 /* NewsTests.swift */,
				44B47D2A21A2FFBA0026E2F0 /* Info.plist */,
			);
			path = NewsTests;
			sourceTree = "<group>";
		};
		44B47D3221A2FFBA0026E2F0 /* NewsUITests */ = {
			isa = PBXGroup;
			children = (
				44B47D3321A2FFBA0026E2F0 /* NewsUITests.swift */,
				44B47D3521A2FFBA0026E2F0 /* Info.plist */,
			);
			path = NewsUITests;
			sourceTree = "<group>";
		};
		44B47D4121A300AF0026E2F0 /* Classes */ = {
			isa = PBXGroup;
			children = (
				44B47D4221A300AF0026E2F0 /* Home */,
				44B47D4721A300AF0026E2F0 /* Video */,
				448C684E222586C0003580C4 /* Weitoutiao */,
				44B47D4C21A300AF0026E2F0 /* Huoshan */,
				44B47D5121A300AF0026E2F0 /* Mine */,
				44B47D5621A300AF0026E2F0 /* Main */,
			);
			path = Classes;
			sourceTree = "<group>";
		};
		44B47D4221A300AF0026E2F0 /* Home */ = {
			isa = PBXGroup;
			children = (
				44B47D4321A300AF0026E2F0 /* Controller */,
				44B47D4521A300AF0026E2F0 /* Model */,
				44B47D4621A300AF0026E2F0 /* View */,
			);
			path = Home;
			sourceTree = "<group>";
		};
		44B47D4321A300AF0026E2F0 /* Controller */ = {
			isa = PBXGroup;
			children = (
				44B47D4421A300AF0026E2F0 /* HomeViewController.swift */,
				44DB4C7E2238A41D00977F2A /* WendaViewController.swift */,
				44DB4C7F2238A41D00977F2A /* WendaViewController.xib */,
			);
			path = Controller;
			sourceTree = "<group>";
		};
		44B47D4521A300AF0026E2F0 /* Model */ = {
			isa = PBXGroup;
			children = (
				44C2EF0D21E87A1B004C3659 /* HomeNewsTitle.swift */,
			);
			path = Model;
			sourceTree = "<group>";
		};
		44B47D4621A300AF0026E2F0 /* View */ = {
			isa = PBXGroup;
			children = (
				448C684A22252B3C003580C4 /* HomeNavigationBarView.swift */,
				448C684C22252B86003580C4 /* HomeNavigationBarView.xib */,
			);
			path = View;
			sourceTree = "<group>";
		};
		44B47D4721A300AF0026E2F0 /* Video */ = {
			isa = PBXGroup;
			children = (
				44B47D4821A300AF0026E2F0 /* Controller */,
				44B47D4A21A300AF0026E2F0 /* Model */,
				44B47D4B21A300AF0026E2F0 /* View */,
			);
			path = Video;
			sourceTree = "<group>";
		};
		44B47D4821A300AF0026E2F0 /* Controller */ = {
			isa = PBXGroup;
			children = (
				44B47D4921A300AF0026E2F0 /* VideoViewController.swift */,
			);
			path = Controller;
			sourceTree = "<group>";
		};
		44B47D4A21A300AF0026E2F0 /* Model */ = {
			isa = PBXGroup;
			children = (
			);
			path = Model;
			sourceTree = "<group>";
		};
		44B47D4B21A300AF0026E2F0 /* View */ = {
			isa = PBXGroup;
			children = (
			);
			path = View;
			sourceTree = "<group>";
		};
		44B47D4C21A300AF0026E2F0 /* Huoshan */ = {
			isa = PBXGroup;
			children = (
				44B47D4D21A300AF0026E2F0 /* Controller */,
				44B47D4F21A300AF0026E2F0 /* Model */,
				44B47D5021A300AF0026E2F0 /* View */,
			);
			path = Huoshan;
			sourceTree = "<group>";
		};
		44B47D4D21A300AF0026E2F0 /* Controller */ = {
			isa = PBXGroup;
			children = (
				44B47D4E21A300AF0026E2F0 /* HuoshanViewController.swift */,
			);
			path = Controller;
			sourceTree = "<group>";
		};
		44B47D4F21A300AF0026E2F0 /* Model */ = {
			isa = PBXGroup;
			children = (
			);
			path = Model;
			sourceTree = "<group>";
		};
		44B47D5021A300AF0026E2F0 /* View */ = {
			isa = PBXGroup;
			children = (
			);
			path = View;
			sourceTree = "<group>";
		};
		44B47D5121A300AF0026E2F0 /* Mine */ = {
			isa = PBXGroup;
			children = (
				44B47D5221A300AF0026E2F0 /* Controller */,
				44B47D5421A300AF0026E2F0 /* Model */,
				44B47D5521A300AF0026E2F0 /* View */,
			);
			path = Mine;
			sourceTree = "<group>";
		};
		44B47D5221A300AF0026E2F0 /* Controller */ = {
			isa = PBXGroup;
			children = (
				44B47D5321A300AF0026E2F0 /* MineViewController.swift */,
				444F9B7621B55FF5009ACAF7 /* MoreLoginViewController.swift */,
				444F9B7821B5603E009ACAF7 /* MoreLoginViewController.storyboard */,
				44012DEA21D1FB3B0017E03E /* SettingViewController.swift */,
				44C2EF0721E872CB004C3659 /* OfflineDownloadController.swift */,
				44C2EF5D21EA3CF0004C3659 /* UserDetailViewController.swift */,
				44C2EF5E21EA3CF0004C3659 /* UserDetailViewController.xib */,
				44ECD8CD2237CEF600C2735D /* UserDetailViewController2.swift */,
				44ECD8CE2237CEF600C2735D /* UserDetailViewController2.xib */,
				44CC10002209285600A32811 /* UserDetailBottomPushController.swift */,
				44CC100222094CB700A32811 /* UserDetailBottomPopController.swift */,
				44CC100422094CE300A32811 /* UserDetailBottomPopController.storyboard */,
				442D68992209DCCB00BE1558 /* MyPresentationController.swift */,
				44526A0A2226D4E0009A98CB /* PreviewDongtaiLargeImageController.swift */,
				44526A0B2226D4E0009A98CB /* PreviewDongtaiLargeImageController.xib */,
				44ECD8D52237D74B00C2735D /* DongtaiTableViewController.swift */,
				4404FDCF2234D3560057ABA8 /* DongtaiDetailViewController.swift */,
				4404FDD02234D3560057ABA8 /* DongtaiDetailViewController.xib */,
				44DB4C822238BA7900977F2A /* UserDiggViewController.swift */,
				44DB4C832238BA7900977F2A /* UserDiggViewController.xib */,
			);
			path = Controller;
			sourceTree = "<group>";
		};
		44B47D5421A300AF0026E2F0 /* Model */ = {
			isa = PBXGroup;
			children = (
				44B47D7121A3E2480026E2F0 /* MyCellModel.swift */,
				44012DEE21D21CEF0017E03E /* SettingModel.swift */,
				44C2EF6521EC87B8004C3659 /* UserDetail.swift */,
				442D68972209DA5600BE1558 /* PopoverAnimator.swift */,
			);
			path = Model;
			sourceTree = "<group>";
		};
		44B47D5521A300AF0026E2F0 /* View */ = {
			isa = PBXGroup;
			children = (
				4400915221A55763008B862C /* NoLoginHeaderView.swift */,
				4400915421A55782008B862C /* NoLoginHeaderView.xib */,
				4495D8EE21A3FE1300F53F60 /* MyFirstSectionCell.swift */,
				4495D8EF21A3FE1300F53F60 /* MyFirstSectionCell.xib */,
				4495D90421A4393800F53F60 /* MyConcernCell.swift */,
				4495D90521A4393800F53F60 /* MyConcernCell.xib */,
				44B47D7321A3F15C0026E2F0 /* MyOtherCell.swift */,
				44B47D7421A3F15C0026E2F0 /* MyOtherCell.xib */,
				44012DF021D223170017E03E /* SettingCell.swift */,
				44012DF121D223170017E03E /* SettingCell.xib */,
				44C2EF0921E873E7004C3659 /* OfflineDownloadCell.swift */,
				44C2EF0A21E873E7004C3659 /* OfflineDownloadCell.xib */,
				44C2EF6121EA3F8C004C3659 /* UserDetailHeaderView.swift */,
				44C2EF6321EA3F95004C3659 /* UserDetailHeaderView.xib */,
				44ECD8D22237D23400C2735D /* UserDetailHeaderView2.swift */,
				44ECD8D12237D23400C2735D /* UserDetailHeaderView2.xib */,
				44BD935321EF254000954D8C /* UserDetailBottomView.swift */,
				44BD935521EF63A700954D8C /* NavigationBarView.swift */,
				44A4B8D1220FA99A002F9ECA /* NavigationBarView.xib */,
				44DB4C782237FDA100977F2A /* UserDetailNavigationBar.swift */,
				44DB4C792237FDA100977F2A /* UserDetailNavigationBar.xib */,
				44DB4C7C2238081200977F2A /* TopTabScrollView.swift */,
				44A4B8D322100419002F9ECA /* RelationRecommendView.swift */,
				44A4B8D52210043A002F9ECA /* RelationRecommendView.xib */,
				44A4B8D722101E12002F9ECA /* RelationRecommendCell.swift */,
				44A4B8D822101E12002F9ECA /* RelationRecommendCell.xib */,
				44A4B8E122150E36002F9ECA /* UserDetailDongtaiCell.swift */,
				44A4B8E222150E36002F9ECA /* UserDetailDongtaiCell.xib */,
				440A5FB622194BC40096B4E2 /* PostVideoOrArticleView.swift */,
				440A5FB822194BDA0096B4E2 /* PostVideoOrArticleView.xib */,
				440A5FBA221958720096B4E2 /* DongtaiCollectionViewCell.swift */,
				440A5FBB221958720096B4E2 /* DongtaiCollectionViewCell.xib */,
				440F150B221F9CFC0033FF0C /* DongtaiOriginThreadView.swift */,
				440F150D221F9D740033FF0C /* DongtaiOriginThreadView.xib */,
				440F150F221FBC770033FF0C /* DongtaiCollectionView.swift */,
				440F1511221FCE8F0033FF0C /* DongtaiCollectionView.xib */,
				4404FDCB222FBD2F0057ABA8 /* UserDetailWendaCell.swift */,
				4404FDCC222FBD2F0057ABA8 /* UserDetailWendaCell.xib */,
				4404FDD3223502340057ABA8 /* DongtaiDetailNavigationBar.swift */,
				4404FDD5223502490057ABA8 /* DongtaiDetailNavigationBar.xib */,
				4404FDD7223538700057ABA8 /* DongtaiDetailHeaderView.swift */,
				4404FDD92235387D0057ABA8 /* DongtaiDetailHeaderView.xib */,
				44ECD8C92236BB9600C2735D /* DongtaiCommentCell.swift */,
				44ECD8CA2236BB9600C2735D /* DongtaiCommentCell.xib */,
				44DB4C742237F4B600977F2A /* UserDetailCell.swift */,
				44DB4C752237F4B600977F2A /* UserDetailCell.xib */,
				44DB4C862238BCA900977F2A /* UserDiggCell.swift */,
				44DB4C872238BCA900977F2A /* UserDiggCell.xib */,
				44DB4C8C2238F78300977F2A /* PostCommentView.swift */,
				44DB4C8E2238F78B00977F2A /* PostCommentView.xib */,
			);
			path = View;
			sourceTree = "<group>";
		};
		44B47D5621A300AF0026E2F0 /* Main */ = {
			isa = PBXGroup;
			children = (
				44B47D6E21A3D4640026E2F0 /* Tools */,
				44B47D6B21A30DBF0026E2F0 /* Extension */,
				44B47D5721A300AF0026E2F0 /* Controller */,
				44B47D5821A300AF0026E2F0 /* Model */,
				44B47D5921A300AF0026E2F0 /* View */,
			);
			path = Main;
			sourceTree = "<group>";
		};
		44B47D5721A300AF0026E2F0 /* Controller */ = {
			isa = PBXGroup;
			children = (
				44B47D5E21A300B90026E2F0 /* MyNavigationController.swift */,
				44B47D6021A300B90026E2F0 /* MyTabBarController.swift */,
			);
			path = Controller;
			sourceTree = "<group>";
		};
		44B47D5821A300AF0026E2F0 /* Model */ = {
			isa = PBXGroup;
			children = (
			);
			path = Model;
			sourceTree = "<group>";
		};
		44B47D5921A300AF0026E2F0 /* View */ = {
			isa = PBXGroup;
			children = (
				44B47D5F21A300B90026E2F0 /* MyTabBar.swift */,
				4404FDC9222B933B0057ABA8 /* RefreshView.swift */,
			);
			path = View;
			sourceTree = "<group>";
		};
		44B47D6421A300DC0026E2F0 /* Others */ = {
			isa = PBXGroup;
			children = (
				4479E76B21A58C7400B470FA /* Theme */,
				44B47D6521A300DC0026E2F0 /* AppDelegate.swift */,
				44B47D6921A30C510026E2F0 /* Const.swift */,
				4486E66C22292FA40050DD04 /* emojis.plist */,
				44B47D6621A300DC0026E2F0 /* Info.plist */,
				44012DEC21D219000017E03E /* settingPlist.plist */,
			);
			path = Others;
			sourceTree = "<group>";
		};
		44B47D6B21A30DBF0026E2F0 /* Extension */ = {
			isa = PBXGroup;
			children = (
				44A4B8DB22111CBB002F9ECA /* Foundation+Extension.swift */,
				440F1513221FDF240033FF0C /* UIKit+Extension.swift */,
				44DB4C8A2238BDB000977F2A /* SVProgressHUD+Extension.swift */,
			);
			path = Extension;
			sourceTree = "<group>";
		};
		44B47D6E21A3D4640026E2F0 /* Tools */ = {
			isa = PBXGroup;
			children = (
				44B47D6F21A3D7400026E2F0 /* NetWorkTools.swift */,
				4400914A21A52B0F008B862C /* MyTheme.swift */,
				44C2EF5521E8CF9C004C3659 /* SQLiteManager.swift */,
				440A5FB42216D5630096B4E2 /* Calculate.swift */,
				4486E66E22294D750050DD04 /* Emoji.swift */,
			);
			path = Tools;
			sourceTree = "<group>";
		};
		64B511CECC946D89BFFF97FD /* Pods */ = {
			isa = PBXGroup;
			children = (
				3F0C92A53D6A470CB8DDE358 /* Pods-News.debug.xcconfig */,
				3AA4C2393794D28B6D818A4F /* Pods-News.release.xcconfig */,
			);
			name = Pods;
			sourceTree = "<group>";
		};
		ED6FA3EC8679F0CC9B81CBB8 /* Frameworks */ = {
			isa = PBXGroup;
			children = (
				44C2EF5721E8CFF2004C3659 /* libsqlite3.0.tbd */,
				9C5898739FED5E41D968D218 /* Pods_News.framework */,
				2AF9F0B9F4B21605F9BA356B /* Pods_NewsTests.framework */,
				9DF3793C714747D274D06746 /* Pods_NewsUITests.framework */,
			);
			name = Frameworks;
			sourceTree = "<group>";
		};
/* End PBXGroup section */

/* Begin PBXNativeTarget section */
		44B47D0F21A2FFB90026E2F0 /* News */ = {
			isa = PBXNativeTarget;
			buildConfigurationList = 44B47D3821A2FFBA0026E2F0 /* Build configuration list for PBXNativeTarget "News" */;
			buildPhases = (
				6A68DF5BAC91F6165E5777A4 /* [CP] Check Pods Manifest.lock */,
				44B47D0C21A2FFB90026E2F0 /* Sources */,
				44B47D0D21A2FFB90026E2F0 /* Frameworks */,
				44B47D0E21A2FFB90026E2F0 /* Resources */,
				E46619ED68635AB5C9BD0CDB /* [CP] Embed Pods Frameworks */,
			);
			buildRules = (
			);
			dependencies = (
			);
			name = News;
			productName = News;
			productReference = 44B47D1021A2FFB90026E2F0 /* News.app */;
			productType = "com.apple.product-type.application";
		};
		44B47D2321A2FFBA0026E2F0 /* NewsTests */ = {
			isa = PBXNativeTarget;
			buildConfigurationList = 44B47D3B21A2FFBA0026E2F0 /* Build configuration list for PBXNativeTarget "NewsTests" */;
			buildPhases = (
				44B47D2021A2FFBA0026E2F0 /* Sources */,
				44B47D2121A2FFBA0026E2F0 /* Frameworks */,
				44B47D2221A2FFBA0026E2F0 /* Resources */,
			);
			buildRules = (
			);
			dependencies = (
				44B47D2621A2FFBA0026E2F0 /* PBXTargetDependency */,
			);
			name = NewsTests;
			productName = NewsTests;
			productReference = 44B47D2421A2FFBA0026E2F0 /* NewsTests.xctest */;
			productType = "com.apple.product-type.bundle.unit-test";
		};
		44B47D2E21A2FFBA0026E2F0 /* NewsUITests */ = {
			isa = PBXNativeTarget;
			buildConfigurationList = 44B47D3E21A2FFBA0026E2F0 /* Build configuration list for PBXNativeTarget "NewsUITests" */;
			buildPhases = (
				44B47D2B21A2FFBA0026E2F0 /* Sources */,
				44B47D2C21A2FFBA0026E2F0 /* Frameworks */,
				44B47D2D21A2FFBA0026E2F0 /* Resources */,
			);
			buildRules = (
			);
			dependencies = (
				44B47D3121A2FFBA0026E2F0 /* PBXTargetDependency */,
			);
			name = NewsUITests;
			productName = NewsUITests;
			productReference = 44B47D2F21A2FFBA0026E2F0 /* NewsUITests.xctest */;
			productType = "com.apple.product-type.bundle.ui-testing";
		};
/* End PBXNativeTarget section */

/* Begin PBXProject section */
		44B47D0821A2FFB90026E2F0 /* Project object */ = {
			isa = PBXProject;
			attributes = {
				LastSwiftUpdateCheck = 1010;
				LastUpgradeCheck = 1010;
				ORGANIZATIONNAME = huzhongyang;
				TargetAttributes = {
					44B47D0F21A2FFB90026E2F0 = {
						CreatedOnToolsVersion = 10.1;
					};
					44B47D2321A2FFBA0026E2F0 = {
						CreatedOnToolsVersion = 10.1;
						TestTargetID = 44B47D0F21A2FFB90026E2F0;
					};
					44B47D2E21A2FFBA0026E2F0 = {
						CreatedOnToolsVersion = 10.1;
						TestTargetID = 44B47D0F21A2FFB90026E2F0;
					};
				};
			};
			buildConfigurationList = 44B47D0B21A2FFB90026E2F0 /* Build configuration list for PBXProject "News" */;
			compatibilityVersion = "Xcode 9.3";
			developmentRegion = en;
			hasScannedForEncodings = 0;
			knownRegions = (
				en,
				Base,
			);
			mainGroup = 44B47D0721A2FFB90026E2F0;
			productRefGroup = 44B47D1121A2FFB90026E2F0 /* Products */;
			projectDirPath = "";
			projectRoot = "";
			targets = (
				44B47D0F21A2FFB90026E2F0 /* News */,
				44B47D2321A2FFBA0026E2F0 /* NewsTests */,
				44B47D2E21A2FFBA0026E2F0 /* NewsUITests */,
			);
		};
/* End PBXProject section */

/* Begin PBXResourcesBuildPhase section */
		44B47D0E21A2FFB90026E2F0 /* Resources */ = {
			isa = PBXResourcesBuildPhase;
			buildActionMask = 2147483647;
			files = (
				44DB4C8F2238F78B00977F2A /* PostCommentView.xib in Resources */,
				44ECD8CC2236BB9600C2735D /* DongtaiCommentCell.xib in Resources */,
				440A5FB922194BDA0096B4E2 /* PostVideoOrArticleView.xib in Resources */,
				4404FDCE222FBD2F0057ABA8 /* UserDetailWendaCell.xib in Resources */,
				44A4B8DA22101E12002F9ECA /* RelationRecommendCell.xib in Resources */,
				440F1512221FCE8F0033FF0C /* DongtaiCollectionView.xib in Resources */,
				44DB4C772237F4B600977F2A /* UserDetailCell.xib in Resources */,
				44C2EF5C21E9F9AD004C3659 /* default_theme.plist in Resources */,
				440F150E221F9D740033FF0C /* DongtaiOriginThreadView.xib in Resources */,
				44B47D1E21A2FFBA0026E2F0 /* LaunchScreen.storyboard in Resources */,
				4495D90721A4393800F53F60 /* MyConcernCell.xib in Resources */,
				44C2EF6021EA3CF0004C3659 /* UserDetailViewController.xib in Resources */,
				4404FDD22234D3560057ABA8 /* DongtaiDetailViewController.xib in Resources */,
				4404FDDA2235387D0057ABA8 /* DongtaiDetailHeaderView.xib in Resources */,
				44ECD8D32237D23400C2735D /* UserDetailHeaderView2.xib in Resources */,
				44012DF321D223170017E03E /* SettingCell.xib in Resources */,
				44DB4C7B2237FDA100977F2A /* UserDetailNavigationBar.xib in Resources */,
				4404FDD6223502490057ABA8 /* DongtaiDetailNavigationBar.xib in Resources */,
				4400915521A55782008B862C /* NoLoginHeaderView.xib in Resources */,
				44A4B8D2220FA99A002F9ECA /* NavigationBarView.xib in Resources */,
				448C684D22252B86003580C4 /* HomeNavigationBarView.xib in Resources */,
				44DB4C852238BA7900977F2A /* UserDiggViewController.xib in Resources */,
				44A4B8E422150E36002F9ECA /* UserDetailDongtaiCell.xib in Resources */,
				440A5FBD221958720096B4E2 /* DongtaiCollectionViewCell.xib in Resources */,
				44B47D7621A3F15C0026E2F0 /* MyOtherCell.xib in Resources */,
				448C68552225872B003580C4 /* WeitoutiaoViewController.xib in Resources */,
				44DB4C892238BCA900977F2A /* UserDiggCell.xib in Resources */,
				44C2EF6421EA3F95004C3659 /* UserDetailHeaderView.xib in Resources */,
				44526A0D2226D4E0009A98CB /* PreviewDongtaiLargeImageController.xib in Resources */,
				44CC100522094CE300A32811 /* UserDetailBottomPopController.storyboard in Resources */,
				44ECD8D02237CEF600C2735D /* UserDetailViewController2.xib in Resources */,
				44DB4C812238A41D00977F2A /* WendaViewController.xib in Resources */,
				44A4B8D62210043A002F9ECA /* RelationRecommendView.xib in Resources */,
				4495D8F121A3FE1300F53F60 /* MyFirstSectionCell.xib in Resources */,
				4486E66D22292FA40050DD04 /* emojis.plist in Resources */,
				44B47D1B21A2FFBA0026E2F0 /* Assets.xcassets in Resources */,
				44012DED21D219000017E03E /* settingPlist.plist in Resources */,
				444F9B7921B5603E009ACAF7 /* MoreLoginViewController.storyboard in Resources */,
				44C2EF0C21E873E7004C3659 /* OfflineDownloadCell.xib in Resources */,
				44C2EF5B21E9F9AD004C3659 /* night_theme.plist in Resources */,
			);
			runOnlyForDeploymentPostprocessing = 0;
		};
		44B47D2221A2FFBA0026E2F0 /* Resources */ = {
			isa = PBXResourcesBuildPhase;
			buildActionMask = 2147483647;
			files = (
			);
			runOnlyForDeploymentPostprocessing = 0;
		};
		44B47D2D21A2FFBA0026E2F0 /* Resources */ = {
			isa = PBXResourcesBuildPhase;
			buildActionMask = 2147483647;
			files = (
			);
			runOnlyForDeploymentPostprocessing = 0;
		};
/* End PBXResourcesBuildPhase section */

/* Begin PBXShellScriptBuildPhase section */
		6A68DF5BAC91F6165E5777A4 /* [CP] Check Pods Manifest.lock */ = {
			isa = PBXShellScriptBuildPhase;
			buildActionMask = 2147483647;
			files = (
			);
			inputPaths = (
				"${PODS_PODFILE_DIR_PATH}/Podfile.lock",
				"${PODS_ROOT}/Manifest.lock",
			);
			name = "[CP] Check Pods Manifest.lock";
			outputPaths = (
				"$(DERIVED_FILE_DIR)/Pods-News-checkManifestLockResult.txt",
			);
			runOnlyForDeploymentPostprocessing = 0;
			shellPath = /bin/sh;
			shellScript = "diff \"${PODS_PODFILE_DIR_PATH}/Podfile.lock\" \"${PODS_ROOT}/Manifest.lock\" > /dev/null\nif [ $? != 0 ] ; then\n    # print error to STDERR\n    echo \"error: The sandbox is not in sync with the Podfile.lock. Run 'pod install' or update your CocoaPods installation.\" >&2\n    exit 1\nfi\n# This output is used by Xcode 'outputs' to avoid re-running this script phase.\necho \"SUCCESS\" > \"${SCRIPT_OUTPUT_FILE_0}\"\n";
			showEnvVarsInLog = 0;
		};
		E46619ED68635AB5C9BD0CDB /* [CP] Embed Pods Frameworks */ = {
			isa = PBXShellScriptBuildPhase;
			buildActionMask = 2147483647;
			files = (
			);
			inputPaths = (
				"${SRCROOT}/Pods/Target Support Files/Pods-News/Pods-News-frameworks.sh",
				"${BUILT_PRODUCTS_DIR}/Alamofire/Alamofire.framework",
				"${BUILT_PRODUCTS_DIR}/HandyJSON/HandyJSON.framework",
				"${BUILT_PRODUCTS_DIR}/IBAnimatable/IBAnimatable.framework",
				"${BUILT_PRODUCTS_DIR}/Kingfisher/Kingfisher.framework",
				"${BUILT_PRODUCTS_DIR}/MJRefresh/MJRefresh.framework",
				"${BUILT_PRODUCTS_DIR}/RxAtomic/RxAtomic.framework",
				"${BUILT_PRODUCTS_DIR}/RxCocoa/RxCocoa.framework",
				"${BUILT_PRODUCTS_DIR}/RxSwift/RxSwift.framework",
				"${BUILT_PRODUCTS_DIR}/SQLite.swift/SQLite.framework",
				"${BUILT_PRODUCTS_DIR}/SVProgressHUD/SVProgressHUD.framework",
				"${BUILT_PRODUCTS_DIR}/SwiftTheme/SwiftTheme.framework",
				"${BUILT_PRODUCTS_DIR}/SwiftyJSON/SwiftyJSON.framework",
			);
			name = "[CP] Embed Pods Frameworks";
			outputPaths = (
				"${TARGET_BUILD_DIR}/${FRAMEWORKS_FOLDER_PATH}/Alamofire.framework",
				"${TARGET_BUILD_DIR}/${FRAMEWORKS_FOLDER_PATH}/HandyJSON.framework",
				"${TARGET_BUILD_DIR}/${FRAMEWORKS_FOLDER_PATH}/IBAnimatable.framework",
				"${TARGET_BUILD_DIR}/${FRAMEWORKS_FOLDER_PATH}/Kingfisher.framework",
				"${TARGET_BUILD_DIR}/${FRAMEWORKS_FOLDER_PATH}/MJRefresh.framework",
				"${TARGET_BUILD_DIR}/${FRAMEWORKS_FOLDER_PATH}/RxAtomic.framework",
				"${TARGET_BUILD_DIR}/${FRAMEWORKS_FOLDER_PATH}/RxCocoa.framework",
				"${TARGET_BUILD_DIR}/${FRAMEWORKS_FOLDER_PATH}/RxSwift.framework",
				"${TARGET_BUILD_DIR}/${FRAMEWORKS_FOLDER_PATH}/SQLite.framework",
				"${TARGET_BUILD_DIR}/${FRAMEWORKS_FOLDER_PATH}/SVProgressHUD.framework",
				"${TARGET_BUILD_DIR}/${FRAMEWORKS_FOLDER_PATH}/SwiftTheme.framework",
				"${TARGET_BUILD_DIR}/${FRAMEWORKS_FOLDER_PATH}/SwiftyJSON.framework",
			);
			runOnlyForDeploymentPostprocessing = 0;
			shellPath = /bin/sh;
			shellScript = "\"${SRCROOT}/Pods/Target Support Files/Pods-News/Pods-News-frameworks.sh\"\n";
			showEnvVarsInLog = 0;
		};
/* End PBXShellScriptBuildPhase section */

/* Begin PBXSourcesBuildPhase section */
		44B47D0C21A2FFB90026E2F0 /* Sources */ = {
			isa = PBXSourcesBuildPhase;
			buildActionMask = 2147483647;
			files = (
				44B47D6721A300DC0026E2F0 /* AppDelegate.swift in Sources */,
				440A5FBC221958720096B4E2 /* DongtaiCollectionViewCell.swift in Sources */,
				442D689A2209DCCB00BE1558 /* MyPresentationController.swift in Sources */,
				44DB4C7A2237FDA100977F2A /* UserDetailNavigationBar.swift in Sources */,
				44DB4C8D2238F78300977F2A /* PostCommentView.swift in Sources */,
				4400914B21A52B0F008B862C /* MyTheme.swift in Sources */,
				44B47D5B21A300AF0026E2F0 /* VideoViewController.swift in Sources */,
				44DB4C802238A41D00977F2A /* WendaViewController.swift in Sources */,
				44DB4C842238BA7900977F2A /* UserDiggViewController.swift in Sources */,
				44C2EF5621E8CF9C004C3659 /* SQLiteManager.swift in Sources */,
				4404FDCA222B933B0057ABA8 /* RefreshView.swift in Sources */,
				4404FDCD222FBD2F0057ABA8 /* UserDetailWendaCell.swift in Sources */,
				44ECD8D62237D74B00C2735D /* DongtaiTableViewController.swift in Sources */,
				44C2EF0821E872CB004C3659 /* OfflineDownloadController.swift in Sources */,
				44DB4C7D2238081200977F2A /* TopTabScrollView.swift in Sources */,
				44012DF221D223170017E03E /* SettingCell.swift in Sources */,
				4495D8F021A3FE1300F53F60 /* MyFirstSectionCell.swift in Sources */,
				440A5FB722194BC40096B4E2 /* PostVideoOrArticleView.swift in Sources */,
				440A5FB52216D5630096B4E2 /* Calculate.swift in Sources */,
				44CC100322094CB700A32811 /* UserDetailBottomPopController.swift in Sources */,
				44DB4C882238BCA900977F2A /* UserDiggCell.swift in Sources */,
				44A4B8D422100419002F9ECA /* RelationRecommendView.swift in Sources */,
				440F150C221F9CFC0033FF0C /* DongtaiOriginThreadView.swift in Sources */,
				44A4B8DC22111CBB002F9ECA /* Foundation+Extension.swift in Sources */,
				44ECD8CB2236BB9600C2735D /* DongtaiCommentCell.swift in Sources */,
				44BD935421EF254000954D8C /* UserDetailBottomView.swift in Sources */,
				44012DEF21D21CEF0017E03E /* SettingModel.swift in Sources */,
				4486E66F22294D750050DD04 /* Emoji.swift in Sources */,
				44B47D5A21A300AF0026E2F0 /* HomeViewController.swift in Sources */,
				44CC10012209285600A32811 /* UserDetailBottomPushController.swift in Sources */,
				448C68542225872B003580C4 /* WeitoutiaoViewController.swift in Sources */,
				44B47D5C21A300AF0026E2F0 /* HuoshanViewController.swift in Sources */,
				44C2EF5F21EA3CF0004C3659 /* UserDetailViewController.swift in Sources */,
				4495D90621A4393800F53F60 /* MyConcernCell.swift in Sources */,
				44DB4C8B2238BDB000977F2A /* SVProgressHUD+Extension.swift in Sources */,
				44A4B8E322150E36002F9ECA /* UserDetailDongtaiCell.swift in Sources */,
				44B47D6121A300BA0026E2F0 /* MyNavigationController.swift in Sources */,
				4404FDD12234D3560057ABA8 /* DongtaiDetailViewController.swift in Sources */,
				4404FDD8223538700057ABA8 /* DongtaiDetailHeaderView.swift in Sources */,
				44B47D5D21A300AF0026E2F0 /* MineViewController.swift in Sources */,
				44C2EF0E21E87A1B004C3659 /* HomeNewsTitle.swift in Sources */,
				44BD935621EF63A700954D8C /* NavigationBarView.swift in Sources */,
				4400915321A55763008B862C /* NoLoginHeaderView.swift in Sources */,
				44DB4C762237F4B600977F2A /* UserDetailCell.swift in Sources */,
				44B47D6221A300BA0026E2F0 /* MyTabBar.swift in Sources */,
				44ECD8D42237D23400C2735D /* UserDetailHeaderView2.swift in Sources */,
				44B47D7221A3E2480026E2F0 /* MyCellModel.swift in Sources */,
				44B47D7521A3F15C0026E2F0 /* MyOtherCell.swift in Sources */,
				4404FDD4223502340057ABA8 /* DongtaiDetailNavigationBar.swift in Sources */,
				448C684B22252B3C003580C4 /* HomeNavigationBarView.swift in Sources */,
				442D68982209DA5600BE1558 /* PopoverAnimator.swift in Sources */,
				44A4B8D922101E12002F9ECA /* RelationRecommendCell.swift in Sources */,
				440F1514221FDF240033FF0C /* UIKit+Extension.swift in Sources */,
				44B47D6321A300BA0026E2F0 /* MyTabBarController.swift in Sources */,
				44012DEB21D1FB3B0017E03E /* SettingViewController.swift in Sources */,
				44ECD8CF2237CEF600C2735D /* UserDetailViewController2.swift in Sources */,
				44B47D6A21A30C510026E2F0 /* Const.swift in Sources */,
				44B47D7021A3D7400026E2F0 /* NetWorkTools.swift in Sources */,
				444F9B7721B55FF5009ACAF7 /* MoreLoginViewController.swift in Sources */,
				44526A0C2226D4E0009A98CB /* PreviewDongtaiLargeImageController.swift in Sources */,
				440F1510221FBC770033FF0C /* DongtaiCollectionView.swift in Sources */,
				44C2EF0B21E873E7004C3659 /* OfflineDownloadCell.swift in Sources */,
				44C2EF6221EA3F8C004C3659 /* UserDetailHeaderView.swift in Sources */,
				44C2EF6621EC87B8004C3659 /* UserDetail.swift in Sources */,
			);
			runOnlyForDeploymentPostprocessing = 0;
		};
		44B47D2021A2FFBA0026E2F0 /* Sources */ = {
			isa = PBXSourcesBuildPhase;
			buildActionMask = 2147483647;
			files = (
				44B47D2921A2FFBA0026E2F0 /* NewsTests.swift in Sources */,
			);
			runOnlyForDeploymentPostprocessing = 0;
		};
		44B47D2B21A2FFBA0026E2F0 /* Sources */ = {
			isa = PBXSourcesBuildPhase;
			buildActionMask = 2147483647;
			files = (
				44B47D3421A2FFBA0026E2F0 /* NewsUITests.swift in Sources */,
			);
			runOnlyForDeploymentPostprocessing = 0;
		};
/* End PBXSourcesBuildPhase section */

/* Begin PBXTargetDependency section */
		44B47D2621A2FFBA0026E2F0 /* PBXTargetDependency */ = {
			isa = PBXTargetDependency;
			target = 44B47D0F21A2FFB90026E2F0 /* News */;
			targetProxy = 44B47D2521A2FFBA0026E2F0 /* PBXContainerItemProxy */;
		};
		44B47D3121A2FFBA0026E2F0 /* PBXTargetDependency */ = {
			isa = PBXTargetDependency;
			target = 44B47D0F21A2FFB90026E2F0 /* News */;
			targetProxy = 44B47D3021A2FFBA0026E2F0 /* PBXContainerItemProxy */;
		};
/* End PBXTargetDependency section */

/* Begin PBXVariantGroup section */
		44B47D1C21A2FFBA0026E2F0 /* LaunchScreen.storyboard */ = {
			isa = PBXVariantGroup;
			children = (
				44B47D1D21A2FFBA0026E2F0 /* Base */,
			);
			name = LaunchScreen.storyboard;
			sourceTree = "<group>";
		};
/* End PBXVariantGroup section */

/* Begin XCBuildConfiguration section */
		44B47D3621A2FFBA0026E2F0 /* Debug */ = {
			isa = XCBuildConfiguration;
			buildSettings = {
				ALWAYS_SEARCH_USER_PATHS = NO;
				CLANG_ANALYZER_NONNULL = YES;
				CLANG_ANALYZER_NUMBER_OBJECT_CONVERSION = YES_AGGRESSIVE;
				CLANG_CXX_LANGUAGE_STANDARD = "gnu++14";
				CLANG_CXX_LIBRARY = "libc++";
				CLANG_ENABLE_MODULES = YES;
				CLANG_ENABLE_OBJC_ARC = YES;
				CLANG_ENABLE_OBJC_WEAK = YES;
				CLANG_WARN_BLOCK_CAPTURE_AUTORELEASING = YES;
				CLANG_WARN_BOOL_CONVERSION = YES;
				CLANG_WARN_COMMA = YES;
				CLANG_WARN_CONSTANT_CONVERSION = YES;
				CLANG_WARN_DEPRECATED_OBJC_IMPLEMENTATIONS = YES;
				CLANG_WARN_DIRECT_OBJC_ISA_USAGE = YES_ERROR;
				CLANG_WARN_DOCUMENTATION_COMMENTS = YES;
				CLANG_WARN_EMPTY_BODY = YES;
				CLANG_WARN_ENUM_CONVERSION = YES;
				CLANG_WARN_INFINITE_RECURSION = YES;
				CLANG_WARN_INT_CONVERSION = YES;
				CLANG_WARN_NON_LITERAL_NULL_CONVERSION = YES;
				CLANG_WARN_OBJC_IMPLICIT_RETAIN_SELF = YES;
				CLANG_WARN_OBJC_LITERAL_CONVERSION = YES;
				CLANG_WARN_OBJC_ROOT_CLASS = YES_ERROR;
				CLANG_WARN_RANGE_LOOP_ANALYSIS = YES;
				CLANG_WARN_STRICT_PROTOTYPES = YES;
				CLANG_WARN_SUSPICIOUS_MOVE = YES;
				CLANG_WARN_UNGUARDED_AVAILABILITY = YES_AGGRESSIVE;
				CLANG_WARN_UNREACHABLE_CODE = YES;
				CLANG_WARN__DUPLICATE_METHOD_MATCH = YES;
				CODE_SIGN_IDENTITY = "iPhone Developer";
				COPY_PHASE_STRIP = NO;
				DEBUG_INFORMATION_FORMAT = dwarf;
				ENABLE_STRICT_OBJC_MSGSEND = YES;
				ENABLE_TESTABILITY = YES;
				GCC_C_LANGUAGE_STANDARD = gnu11;
				GCC_DYNAMIC_NO_PIC = NO;
				GCC_NO_COMMON_BLOCKS = YES;
				GCC_OPTIMIZATION_LEVEL = 0;
				GCC_PREPROCESSOR_DEFINITIONS = (
					"DEBUG=1",
					"$(inherited)",
				);
				GCC_WARN_64_TO_32_BIT_CONVERSION = YES;
				GCC_WARN_ABOUT_RETURN_TYPE = YES_ERROR;
				GCC_WARN_UNDECLARED_SELECTOR = YES;
				GCC_WARN_UNINITIALIZED_AUTOS = YES_AGGRESSIVE;
				GCC_WARN_UNUSED_FUNCTION = YES;
				GCC_WARN_UNUSED_VARIABLE = YES;
				IPHONEOS_DEPLOYMENT_TARGET = 12.1;
				MTL_ENABLE_DEBUG_INFO = INCLUDE_SOURCE;
				MTL_FAST_MATH = YES;
				ONLY_ACTIVE_ARCH = YES;
				SDKROOT = iphoneos;
				SWIFT_ACTIVE_COMPILATION_CONDITIONS = DEBUG;
				SWIFT_OPTIMIZATION_LEVEL = "-Onone";
			};
			name = Debug;
		};
		44B47D3721A2FFBA0026E2F0 /* Release */ = {
			isa = XCBuildConfiguration;
			buildSettings = {
				ALWAYS_SEARCH_USER_PATHS = NO;
				CLANG_ANALYZER_NONNULL = YES;
				CLANG_ANALYZER_NUMBER_OBJECT_CONVERSION = YES_AGGRESSIVE;
				CLANG_CXX_LANGUAGE_STANDARD = "gnu++14";
				CLANG_CXX_LIBRARY = "libc++";
				CLANG_ENABLE_MODULES = YES;
				CLANG_ENABLE_OBJC_ARC = YES;
				CLANG_ENABLE_OBJC_WEAK = YES;
				CLANG_WARN_BLOCK_CAPTURE_AUTORELEASING = YES;
				CLANG_WARN_BOOL_CONVERSION = YES;
				CLANG_WARN_COMMA = YES;
				CLANG_WARN_CONSTANT_CONVERSION = YES;
				CLANG_WARN_DEPRECATED_OBJC_IMPLEMENTATIONS = YES;
				CLANG_WARN_DIRECT_OBJC_ISA_USAGE = YES_ERROR;
				CLANG_WARN_DOCUMENTATION_COMMENTS = YES;
				CLANG_WARN_EMPTY_BODY = YES;
				CLANG_WARN_ENUM_CONVERSION = YES;
				CLANG_WARN_INFINITE_RECURSION = YES;
				CLANG_WARN_INT_CONVERSION = YES;
				CLANG_WARN_NON_LITERAL_NULL_CONVERSION = YES;
				CLANG_WARN_OBJC_IMPLICIT_RETAIN_SELF = YES;
				CLANG_WARN_OBJC_LITERAL_CONVERSION = YES;
				CLANG_WARN_OBJC_ROOT_CLASS = YES_ERROR;
				CLANG_WARN_RANGE_LOOP_ANALYSIS = YES;
				CLANG_WARN_STRICT_PROTOTYPES = YES;
				CLANG_WARN_SUSPICIOUS_MOVE = YES;
				CLANG_WARN_UNGUARDED_AVAILABILITY = YES_AGGRESSIVE;
				CLANG_WARN_UNREACHABLE_CODE = YES;
				CLANG_WARN__DUPLICATE_METHOD_MATCH = YES;
				CODE_SIGN_IDENTITY = "iPhone Developer";
				COPY_PHASE_STRIP = NO;
				DEBUG_INFORMATION_FORMAT = "dwarf-with-dsym";
				ENABLE_NS_ASSERTIONS = NO;
				ENABLE_STRICT_OBJC_MSGSEND = YES;
				GCC_C_LANGUAGE_STANDARD = gnu11;
				GCC_NO_COMMON_BLOCKS = YES;
				GCC_WARN_64_TO_32_BIT_CONVERSION = YES;
				GCC_WARN_ABOUT_RETURN_TYPE = YES_ERROR;
				GCC_WARN_UNDECLARED_SELECTOR = YES;
				GCC_WARN_UNINITIALIZED_AUTOS = YES_AGGRESSIVE;
				GCC_WARN_UNUSED_FUNCTION = YES;
				GCC_WARN_UNUSED_VARIABLE = YES;
				IPHONEOS_DEPLOYMENT_TARGET = 12.1;
				MTL_ENABLE_DEBUG_INFO = NO;
				MTL_FAST_MATH = YES;
				SDKROOT = iphoneos;
				SWIFT_COMPILATION_MODE = wholemodule;
				SWIFT_OPTIMIZATION_LEVEL = "-O";
				VALIDATE_PRODUCT = YES;
			};
			name = Release;
		};
		44B47D3921A2FFBA0026E2F0 /* Debug */ = {
			isa = XCBuildConfiguration;
			baseConfigurationReference = 3F0C92A53D6A470CB8DDE358 /* Pods-News.debug.xcconfig */;
			buildSettings = {
				ASSETCATALOG_COMPILER_APPICON_NAME = AppIcon;
				ASSETCATALOG_COMPILER_LAUNCHIMAGE_NAME = LaunchImage;
				CODE_SIGN_IDENTITY = "iPhone Developer";
				CODE_SIGN_STYLE = Automatic;
				DEVELOPMENT_TEAM = C7EV65X5N8;
				INFOPLIST_FILE = "$(SRCROOT)/News/Others/Info.plist";
				IPHONEOS_DEPLOYMENT_TARGET = 11.3;
				LD_RUNPATH_SEARCH_PATHS = (
					"$(inherited)",
					"@executable_path/Frameworks",
				);
				PRODUCT_BUNDLE_IDENTIFIER = com.hzy.News;
				PRODUCT_NAME = "$(TARGET_NAME)";
				PROVISIONING_PROFILE_SPECIFIER = "";
				SWIFT_VERSION = 4.2;
				TARGETED_DEVICE_FAMILY = 1;
			};
			name = Debug;
		};
		44B47D3A21A2FFBA0026E2F0 /* Release */ = {
			isa = XCBuildConfiguration;
			baseConfigurationReference = 3AA4C2393794D28B6D818A4F /* Pods-News.release.xcconfig */;
			buildSettings = {
				ASSETCATALOG_COMPILER_APPICON_NAME = AppIcon;
				ASSETCATALOG_COMPILER_LAUNCHIMAGE_NAME = LaunchImage;
				CODE_SIGN_IDENTITY = "iPhone Developer";
				CODE_SIGN_STYLE = Automatic;
				DEVELOPMENT_TEAM = C7EV65X5N8;
				INFOPLIST_FILE = "$(SRCROOT)/News/Others/Info.plist";
				IPHONEOS_DEPLOYMENT_TARGET = 11.3;
				LD_RUNPATH_SEARCH_PATHS = (
					"$(inherited)",
					"@executable_path/Frameworks",
				);
				PRODUCT_BUNDLE_IDENTIFIER = com.hzy.News;
				PRODUCT_NAME = "$(TARGET_NAME)";
				PROVISIONING_PROFILE_SPECIFIER = "";
				SWIFT_VERSION = 4.2;
				TARGETED_DEVICE_FAMILY = 1;
			};
			name = Release;
		};
		44B47D3C21A2FFBA0026E2F0 /* Debug */ = {
			isa = XCBuildConfiguration;
			buildSettings = {
				ALWAYS_EMBED_SWIFT_STANDARD_LIBRARIES = YES;
				BUNDLE_LOADER = "$(TEST_HOST)";
				CODE_SIGN_STYLE = Automatic;
				DEVELOPMENT_TEAM = C7EV65X5N8;
				INFOPLIST_FILE = NewsTests/Info.plist;
				LD_RUNPATH_SEARCH_PATHS = (
					"$(inherited)",
					"@executable_path/Frameworks",
					"@loader_path/Frameworks",
				);
				PRODUCT_BUNDLE_IDENTIFIER = com.hzy.NewsTests;
				PRODUCT_NAME = "$(TARGET_NAME)";
				SWIFT_VERSION = 4.2;
				TARGETED_DEVICE_FAMILY = "1,2";
				TEST_HOST = "$(BUILT_PRODUCTS_DIR)/News.app/News";
			};
			name = Debug;
		};
		44B47D3D21A2FFBA0026E2F0 /* Release */ = {
			isa = XCBuildConfiguration;
			buildSettings = {
				ALWAYS_EMBED_SWIFT_STANDARD_LIBRARIES = YES;
				BUNDLE_LOADER = "$(TEST_HOST)";
				CODE_SIGN_STYLE = Automatic;
				DEVELOPMENT_TEAM = C7EV65X5N8;
				INFOPLIST_FILE = NewsTests/Info.plist;
				LD_RUNPATH_SEARCH_PATHS = (
					"$(inherited)",
					"@executable_path/Frameworks",
					"@loader_path/Frameworks",
				);
				PRODUCT_BUNDLE_IDENTIFIER = com.hzy.NewsTests;
				PRODUCT_NAME = "$(TARGET_NAME)";
				SWIFT_VERSION = 4.2;
				TARGETED_DEVICE_FAMILY = "1,2";
				TEST_HOST = "$(BUILT_PRODUCTS_DIR)/News.app/News";
			};
			name = Release;
		};
		44B47D3F21A2FFBA0026E2F0 /* Debug */ = {
			isa = XCBuildConfiguration;
			buildSettings = {
				ALWAYS_EMBED_SWIFT_STANDARD_LIBRARIES = YES;
				CODE_SIGN_IDENTITY = "iPhone Developer";
				CODE_SIGN_STYLE = Automatic;
				DEVELOPMENT_TEAM = C7EV65X5N8;
				INFOPLIST_FILE = NewsUITests/Info.plist;
				LD_RUNPATH_SEARCH_PATHS = (
					"$(inherited)",
					"@executable_path/Frameworks",
					"@loader_path/Frameworks",
				);
				PRODUCT_BUNDLE_IDENTIFIER = com.hzy.NewsUITests;
				PRODUCT_NAME = "$(TARGET_NAME)";
				PROVISIONING_PROFILE_SPECIFIER = "";
				SWIFT_VERSION = 4.2;
				TARGETED_DEVICE_FAMILY = "1,2";
				TEST_TARGET_NAME = News;
			};
			name = Debug;
		};
		44B47D4021A2FFBA0026E2F0 /* Release */ = {
			isa = XCBuildConfiguration;
			buildSettings = {
				ALWAYS_EMBED_SWIFT_STANDARD_LIBRARIES = YES;
				CODE_SIGN_IDENTITY = "iPhone Developer";
				CODE_SIGN_STYLE = Automatic;
				DEVELOPMENT_TEAM = C7EV65X5N8;
				INFOPLIST_FILE = NewsUITests/Info.plist;
				LD_RUNPATH_SEARCH_PATHS = (
					"$(inherited)",
					"@executable_path/Frameworks",
					"@loader_path/Frameworks",
				);
				PRODUCT_BUNDLE_IDENTIFIER = com.hzy.NewsUITests;
				PRODUCT_NAME = "$(TARGET_NAME)";
				PROVISIONING_PROFILE_SPECIFIER = "";
				SWIFT_VERSION = 4.2;
				TARGETED_DEVICE_FAMILY = "1,2";
				TEST_TARGET_NAME = News;
			};
			name = Release;
		};
/* End XCBuildConfiguration section */

/* Begin XCConfigurationList section */
		44B47D0B21A2FFB90026E2F0 /* Build configuration list for PBXProject "News" */ = {
			isa = XCConfigurationList;
			buildConfigurations = (
				44B47D3621A2FFBA0026E2F0 /* Debug */,
				44B47D3721A2FFBA0026E2F0 /* Release */,
			);
			defaultConfigurationIsVisible = 0;
			defaultConfigurationName = Release;
		};
		44B47D3821A2FFBA0026E2F0 /* Build configuration list for PBXNativeTarget "News" */ = {
			isa = XCConfigurationList;
			buildConfigurations = (
				44B47D3921A2FFBA0026E2F0 /* Debug */,
				44B47D3A21A2FFBA0026E2F0 /* Release */,
			);
			defaultConfigurationIsVisible = 0;
			defaultConfigurationName = Release;
		};
		44B47D3B21A2FFBA0026E2F0 /* Build configuration list for PBXNativeTarget "NewsTests" */ = {
			isa = XCConfigurationList;
			buildConfigurations = (
				44B47D3C21A2FFBA0026E2F0 /* Debug */,
				44B47D3D21A2FFBA0026E2F0 /* Release */,
			);
			defaultConfigurationIsVisible = 0;
			defaultConfigurationName = Release;
		};
		44B47D3E21A2FFBA0026E2F0 /* Build configuration list for PBXNativeTarget "NewsUITests" */ = {
			isa = XCConfigurationList;
			buildConfigurations = (
				44B47D3F21A2FFBA0026E2F0 /* Debug */,
				44B47D4021A2FFBA0026E2F0 /* Release */,
			);
			defaultConfigurationIsVisible = 0;
			defaultConfigurationName = Release;
		};
/* End XCConfigurationList section */
	};
	rootObject = 44B47D0821A2FFB90026E2F0 /* Project object */;
}
